{
  "lockfileVersion": 1,
  "configVersion": 1,
  "workspaces": {
    "": {
      "dependencies": {
        "@hono/zod-openapi": "~1.2.0",
        "env-var": "~7.5.0",
        "hono": "~4.10.0",
      },
      "devDependencies": {
        "@biomejs/biome": "~1.9.0",
        "@types/bun": "^1.2.0",
        "lefthook": "~2.0.0",
        "sort-package-json": "^3.0.0",
      },
      "peerDependencies": {
        "typescript": "~5.8.0 || ~5.9.0",
      },
    },
  },
  "trustedDependencies": [
    "@biomejs/biome",
    "lefthook",
  ],
  "packages": {
    "@asteasolutions/zod-to-openapi": ["@asteasolutions/zod-to-openapi@8.2.0", "", { "dependencies": { "openapi3-ts": "^4.1.2" }, "peerDependencies": { "zod": "^4.0.0" } }, "sha512-u05zNUirlukJAf9oEHmxSF31L1XQhz9XdpVILt7+xhrz65oQqBpiOWFkGvRWL0IpjOUJ878idKoNmYPxrFnkeg=="],

    "@biomejs/biome": ["@biomejs/biome@1.9.4", "", { "optionalDependencies": { "@biomejs/cli-darwin-arm64": "1.9.4", "@biomejs/cli-darwin-x64": "1.9.4", "@biomejs/cli-linux-arm64": "1.9.4", "@biomejs/cli-linux-arm64-musl": "1.9.4", "@biomejs/cli-linux-x64": "1.9.4", "@biomejs/cli-linux-x64-musl": "1.9.4", "@biomejs/cli-win32-arm64": "1.9.4", "@biomejs/cli-win32-x64": "1.9.4" }, "bin": { "biome": "bin/biome" } }, "sha512-1rkd7G70+o9KkTn5KLmDYXihGoTaIGO9PIIN2ZB7UJxFrWw04CZHPYiMRjYsaDvVV7hP1dYNRLxSANLaBFGpog=="],

    "@biomejs/cli-darwin-arm64": ["@biomejs/cli-darwin-arm64@1.9.4", "", { "os": "darwin", "cpu": "arm64" }, "sha512-bFBsPWrNvkdKrNCYeAp+xo2HecOGPAy9WyNyB/jKnnedgzl4W4Hb9ZMzYNbf8dMCGmUdSavlYHiR01QaYR58cw=="],

    "@biomejs/cli-darwin-x64": ["@biomejs/cli-darwin-x64@1.9.4", "", { "os": "darwin", "cpu": "x64" }, "sha512-ngYBh/+bEedqkSevPVhLP4QfVPCpb+4BBe2p7Xs32dBgs7rh9nY2AIYUL6BgLw1JVXV8GlpKmb/hNiuIxfPfZg=="],

    "@biomejs/cli-linux-arm64": ["@biomejs/cli-linux-arm64@1.9.4", "", { "os": "linux", "cpu": "arm64" }, "sha512-fJIW0+LYujdjUgJJuwesP4EjIBl/N/TcOX3IvIHJQNsAqvV2CHIogsmA94BPG6jZATS4Hi+xv4SkBBQSt1N4/g=="],

    "@biomejs/cli-linux-arm64-musl": ["@biomejs/cli-linux-arm64-musl@1.9.4", "", { "os": "linux", "cpu": "arm64" }, "sha512-v665Ct9WCRjGa8+kTr0CzApU0+XXtRgwmzIf1SeKSGAv+2scAlW6JR5PMFo6FzqqZ64Po79cKODKf3/AAmECqA=="],

    "@biomejs/cli-linux-x64": ["@biomejs/cli-linux-x64@1.9.4", "", { "os": "linux", "cpu": "x64" }, "sha512-lRCJv/Vi3Vlwmbd6K+oQ0KhLHMAysN8lXoCI7XeHlxaajk06u7G+UsFSO01NAs5iYuWKmVZjmiOzJ0OJmGsMwg=="],

    "@biomejs/cli-linux-x64-musl": ["@biomejs/cli-linux-x64-musl@1.9.4", "", { "os": "linux", "cpu": "x64" }, "sha512-gEhi/jSBhZ2m6wjV530Yy8+fNqG8PAinM3oV7CyO+6c3CEh16Eizm21uHVsyVBEB6RIM8JHIl6AGYCv6Q6Q9Tg=="],

    "@biomejs/cli-win32-arm64": ["@biomejs/cli-win32-arm64@1.9.4", "", { "os": "win32", "cpu": "arm64" }, "sha512-tlbhLk+WXZmgwoIKwHIHEBZUwxml7bRJgk0X2sPyNR3S93cdRq6XulAZRQJ17FYGGzWne0fgrXBKpl7l4M87Hg=="],

    "@biomejs/cli-win32-x64": ["@biomejs/cli-win32-x64@1.9.4", "", { "os": "win32", "cpu": "x64" }, "sha512-8Y5wMhVIPaWe6jw2H+KlEm4wP/f7EW3810ZLmDlrEEy5KvBsb9ECEfu/kMWD484ijfQ8+nIi0giMgu9g1UAuuA=="],

    "@hono/zod-openapi": ["@hono/zod-openapi@1.2.0", "", { "dependencies": { "@asteasolutions/zod-to-openapi": "^8.1.0", "@hono/zod-validator": "^0.7.6", "openapi3-ts": "^4.5.0" }, "peerDependencies": { "hono": ">=4.3.6", "zod": "^4.0.0" } }, "sha512-KDfHqv/Wy4elVseZXgokbHxeWuqBL+AZfqsOMpEihBMUsk/fJ+bLIi3Sf70JFVpt1Ihui8RasYrInozt7ZBDIA=="],

    "@hono/zod-validator": ["@hono/zod-validator@0.7.6", "", { "peerDependencies": { "hono": ">=3.9.0", "zod": "^3.25.0 || ^4.0.0" } }, "sha512-Io1B6d011Gj1KknV4rXYz4le5+5EubcWEU/speUjuw9XMMIaP3n78yXLhjd2A3PXaXaUwEAluOiAyLqhBEJgsw=="],

    "@types/bun": ["@types/bun@1.3.5", "", { "dependencies": { "bun-types": "1.3.5" } }, "sha512-RnygCqNrd3srIPEWBd5LFeUYG7plCoH2Yw9WaZGyNmdTEei+gWaHqydbaIRkIkcbXwhBT94q78QljxN0Sk838w=="],

    "@types/node": ["@types/node@25.0.3", "", { "dependencies": { "undici-types": "~7.16.0" } }, "sha512-W609buLVRVmeW693xKfzHeIV6nJGGz98uCPfeXI1ELMLXVeKYZ9m15fAMSaUPBHYLGFsVRcMmSCksQOrZV9BYA=="],

    "bun-types": ["bun-types@1.3.5", "", { "dependencies": { "@types/node": "*" } }, "sha512-inmAYe2PFLs0SUbFOWSVD24sg1jFlMPxOjOSSCYqUgn4Hsc3rDc7dFvfVYjFPNHtov6kgUeulV4SxbuIV/stPw=="],

    "detect-indent": ["detect-indent@7.0.2", "", {}, "sha512-y+8xyqdGLL+6sh0tVeHcfP/QDd8gUgbasolJJpY7NgeQGSZ739bDtSiaiDgtoicy+mtYB81dKLxO9xRhCyIB3A=="],

    "detect-newline": ["detect-newline@4.0.1", "", {}, "sha512-qE3Veg1YXzGHQhlA6jzebZN2qVf6NX+A7m7qlhCGG30dJixrAQhYOsJjsnBjJkCSmuOPpCk30145fr8FV0bzog=="],

    "env-var": ["env-var@7.5.0", "", {}, "sha512-mKZOzLRN0ETzau2W2QXefbFjo5EF4yWq28OyKb9ICdeNhHJlOE/pHHnz4hdYJ9cNZXcJHo5xN4OT4pzuSHSNvA=="],

    "fdir": ["fdir@6.5.0", "", { "peerDependencies": { "picomatch": "^3 || ^4" }, "optionalPeers": ["picomatch"] }, "sha512-tIbYtZbucOs0BRGqPJkshJUYdL+SDH7dVM8gjy+ERp3WAUjLEFJE+02kanyHtwjWOnwrKYBiwAmM0p4kLJAnXg=="],

    "git-hooks-list": ["git-hooks-list@4.1.1", "", {}, "sha512-cmP497iLq54AZnv4YRAEMnEyQ1eIn4tGKbmswqwmFV4GBnAqE8NLtWxxdXa++AalfgL5EBH4IxTPyquEuGY/jA=="],

    "hono": ["hono@4.10.8", "", {}, "sha512-DDT0A0r6wzhe8zCGoYOmMeuGu3dyTAE40HHjwUsWFTEy5WxK1x2WDSsBPlEXgPbRIFY6miDualuUDbasPogIww=="],

    "is-plain-obj": ["is-plain-obj@4.1.0", "", {}, "sha512-+Pgi+vMuUNkJyExiMBt5IlFoMyKnr5zhJ4Uspz58WOhBF5QoIZkFyNHIbBAtHwzVAgk5RtndVNsDRN61/mmDqg=="],

    "lefthook": ["lefthook@2.0.13", "", { "optionalDependencies": { "lefthook-darwin-arm64": "2.0.13", "lefthook-darwin-x64": "2.0.13", "lefthook-freebsd-arm64": "2.0.13", "lefthook-freebsd-x64": "2.0.13", "lefthook-linux-arm64": "2.0.13", "lefthook-linux-x64": "2.0.13", "lefthook-openbsd-arm64": "2.0.13", "lefthook-openbsd-x64": "2.0.13", "lefthook-windows-arm64": "2.0.13", "lefthook-windows-x64": "2.0.13" }, "bin": { "lefthook": "bin/index.js" } }, "sha512-D39rCVl7/GpqakvhQvqz07SBpzUWTvWjXKnBZyIy8O6D+Lf9xD6tnbHtG5nWXd9iPvv1AKGQwL9R/e5rNtV6SQ=="],

    "lefthook-darwin-arm64": ["lefthook-darwin-arm64@2.0.13", "", { "os": "darwin", "cpu": "arm64" }, "sha512-KbQqpNSNTugjtPzt97CNcy/XZy5asJ0+uSLoHc4ML8UCJdsXKYJGozJHNwAd0Xfci/rQlj82A7rPOuTdh0jY0Q=="],

    "lefthook-darwin-x64": ["lefthook-darwin-x64@2.0.13", "", { "os": "darwin", "cpu": "x64" }, "sha512-s/vI6sEE8/+rE6CONZzs59LxyuSc/KdU+/3adkNx+Q13R1+p/AvQNeszg3LAHzXmF3NqlxYf8jbj/z5vBzEpRw=="],

    "lefthook-freebsd-arm64": ["lefthook-freebsd-arm64@2.0.13", "", { "os": "freebsd", "cpu": "arm64" }, "sha512-iQeJTU7Zl8EJlCMQxNZQpJFAQ9xl40pydUIv5SYnbJ4nqIr9ONuvrioNv6N2LtKP5aBl1nIWQQ9vMjgVyb3k+A=="],

    "lefthook-freebsd-x64": ["lefthook-freebsd-x64@2.0.13", "", { "os": "freebsd", "cpu": "x64" }, "sha512-99cAXKRIzpq/u3obUXbOQJCHP+0ZkJbN3TF+1ZQZlRo3Y6+mPSCg9fh/oi6dgbtu4gTI5Ifz3o5p2KZzAIF9ZQ=="],

    "lefthook-linux-arm64": ["lefthook-linux-arm64@2.0.13", "", { "os": "linux", "cpu": "arm64" }, "sha512-RWarenY3kLy/DT4/8dY2bwDlYwlELRq9MIFq+FiMYmoBHES3ckWcLX2JMMlM49Y672paQc7MbneSrNUn/FQWhg=="],

    "lefthook-linux-x64": ["lefthook-linux-x64@2.0.13", "", { "os": "linux", "cpu": "x64" }, "sha512-QZRcxXGf8Uj/75ITBqoBh0zWhJE7+uFoRxEHwBq0Qjv55Q4KcFm7FBN/IFQCSd14reY5pmY3kDaWVVy60cAGJA=="],

    "lefthook-openbsd-arm64": ["lefthook-openbsd-arm64@2.0.13", "", { "os": "openbsd", "cpu": "arm64" }, "sha512-LAuOWwnNmOlRE0RxKMOhIz5Kr9tXi0rCjzXtDARW9lvfAV6Br2wP+47q0rqQ8m/nVwBYoxfJ/RDunLbb86O1nA=="],

    "lefthook-openbsd-x64": ["lefthook-openbsd-x64@2.0.13", "", { "os": "openbsd", "cpu": "x64" }, "sha512-n9TIN3QLncyxOHomiKKwzDFHKOCm5H28CVNAZFouKqDwEaUGCs5TJI88V85j4/CgmLVUU8uUn4ClVCxIWYG59w=="],

    "lefthook-windows-arm64": ["lefthook-windows-arm64@2.0.13", "", { "os": "win32", "cpu": "arm64" }, "sha512-sdSC4F9Di7y0t43Of9MOA5g/0CmvkM4juQ3sKfUhRcoygetLJn4PR2/pvuDOIaGf4mNMXBP5IrcKaeDON9HrcA=="],

    "lefthook-windows-x64": ["lefthook-windows-x64@2.0.13", "", { "os": "win32", "cpu": "x64" }, "sha512-ccl1v7Fl10qYoghEtjXN+JC1x/y/zLM/NSHf3NFGeKEGBNd1P5d/j6w8zVmhfzi+ekS8whXrcNbRAkLdAqUrSw=="],

    "openapi3-ts": ["openapi3-ts@4.5.0", "", { "dependencies": { "yaml": "^2.8.0" } }, "sha512-jaL+HgTq2Gj5jRcfdutgRGLosCy/hT8sQf6VOy+P+g36cZOjI1iukdPnijC+4CmeRzg/jEllJUboEic2FhxhtQ=="],

    "picomatch": ["picomatch@4.0.3", "", {}, "sha512-5gTmgEY/sqK6gFXLIsQNH19lWb4ebPDLA4SdLP7dsWkIXHWlG66oPuVvXSGFPppYZz8ZDZq0dYYrbHfBCVUb1Q=="],

    "semver": ["semver@7.7.3", "", { "bin": { "semver": "bin/semver.js" } }, "sha512-SdsKMrI9TdgjdweUSR9MweHA4EJ8YxHn8DFaDisvhVlUOe4BF1tLD7GAj0lIqWVl+dPb/rExr0Btby5loQm20Q=="],

    "sort-object-keys": ["sort-object-keys@2.0.1", "", {}, "sha512-R89fO+z3x7hiKPXX5P0qim+ge6Y60AjtlW+QQpRozrrNcR1lw9Pkpm5MLB56HoNvdcLHL4wbpq16OcvGpEDJIg=="],

    "sort-package-json": ["sort-package-json@3.6.0", "", { "dependencies": { "detect-indent": "^7.0.2", "detect-newline": "^4.0.1", "git-hooks-list": "^4.1.1", "is-plain-obj": "^4.1.0", "semver": "^7.7.3", "sort-object-keys": "^2.0.1", "tinyglobby": "^0.2.15" }, "bin": { "sort-package-json": "cli.js" } }, "sha512-fyJsPLhWvY7u2KsKPZn1PixbXp+1m7V8NWqU8CvgFRbMEX41Ffw1kD8n0CfJiGoaSfoAvbrqRRl/DcHO8omQOQ=="],

    "tinyglobby": ["tinyglobby@0.2.15", "", { "dependencies": { "fdir": "^6.5.0", "picomatch": "^4.0.3" } }, "sha512-j2Zq4NyQYG5XMST4cbs02Ak8iJUdxRM0XI5QyxXuZOzKOINmWurp3smXu3y5wDcJrptwpSjgXHzIQxR0omXljQ=="],

    "typescript": ["typescript@5.9.3", "", { "bin": { "tsc": "bin/tsc", "tsserver": "bin/tsserver" } }, "sha512-jl1vZzPDinLr9eUt3J/t7V6FgNEw9QjvBPdysz9KfQDD41fQrC2Y4vKQdiaUpFT4bXlb1RHhLpp8wtm6M5TgSw=="],

    "undici-types": ["undici-types@7.16.0", "", {}, "sha512-Zz+aZWSj8LE6zoxD+xrjh4VfkIG8Ya6LvYkZqtUQGJPZjYl53ypCaUwWqo7eI0x66KBGeRo+mlBEkMSeSZ38Nw=="],

    "yaml": ["yaml@2.8.2", "", { "bin": { "yaml": "bin.mjs" } }, "sha512-mplynKqc1C2hTVYxd0PU2xQAc22TI1vShAYGksCCfxbn/dFwnHTNi1bvYsBTkhdUNtGIf5xNOg938rrSSYvS9A=="],

    "zod": ["zod@4.2.1", "", {}, "sha512-0wZ1IRqGGhMP76gLqz8EyfBXKk0J2qo2+H3fi4mcUP/KtTocoX08nmIAHl1Z2kJIZbZee8KOpBCSNPRgauucjw=="],
  }
}
