{
  "lockfileVersion": 1,
  "workspaces": {
    "": {
      "dependencies": {
        "@hono/zod-openapi": "~0.19.0",
        "env-var": "~7.5.0",
        "hono": "~4.7.0",
      },
      "devDependencies": {
        "@biomejs/biome": "~1.9.0",
        "@types/bun": "^1.2.0",
        "lefthook": "~1.12.0",
        "sort-package-json": "^3.0.0",
      },
      "peerDependencies": {
        "typescript": "~5.8.0",
      },
    },
  },
  "trustedDependencies": [
    "@biomejs/biome",
    "lefthook",
  ],
  "packages": {
    "@asteasolutions/zod-to-openapi": ["@asteasolutions/zod-to-openapi@7.3.0", "", { "dependencies": { "openapi3-ts": "^4.1.2" }, "peerDependencies": { "zod": "^3.20.2" } }, "sha512-7tE/r1gXwMIvGnXVUdIqUhCU1RevEFC4Jk6Bussa0fk1ecbnnINkZzj1EOAJyE/M3AI25DnHT/zKQL1/FPFi8Q=="],

    "@biomejs/biome": ["@biomejs/biome@1.9.4", "", { "optionalDependencies": { "@biomejs/cli-darwin-arm64": "1.9.4", "@biomejs/cli-darwin-x64": "1.9.4", "@biomejs/cli-linux-arm64": "1.9.4", "@biomejs/cli-linux-arm64-musl": "1.9.4", "@biomejs/cli-linux-x64": "1.9.4", "@biomejs/cli-linux-x64-musl": "1.9.4", "@biomejs/cli-win32-arm64": "1.9.4", "@biomejs/cli-win32-x64": "1.9.4" }, "bin": { "biome": "bin/biome" } }, "sha512-1rkd7G70+o9KkTn5KLmDYXihGoTaIGO9PIIN2ZB7UJxFrWw04CZHPYiMRjYsaDvVV7hP1dYNRLxSANLaBFGpog=="],

    "@biomejs/cli-darwin-arm64": ["@biomejs/cli-darwin-arm64@1.9.4", "", { "os": "darwin", "cpu": "arm64" }, "sha512-bFBsPWrNvkdKrNCYeAp+xo2HecOGPAy9WyNyB/jKnnedgzl4W4Hb9ZMzYNbf8dMCGmUdSavlYHiR01QaYR58cw=="],

    "@biomejs/cli-darwin-x64": ["@biomejs/cli-darwin-x64@1.9.4", "", { "os": "darwin", "cpu": "x64" }, "sha512-ngYBh/+bEedqkSevPVhLP4QfVPCpb+4BBe2p7Xs32dBgs7rh9nY2AIYUL6BgLw1JVXV8GlpKmb/hNiuIxfPfZg=="],

    "@biomejs/cli-linux-arm64": ["@biomejs/cli-linux-arm64@1.9.4", "", { "os": "linux", "cpu": "arm64" }, "sha512-fJIW0+LYujdjUgJJuwesP4EjIBl/N/TcOX3IvIHJQNsAqvV2CHIogsmA94BPG6jZATS4Hi+xv4SkBBQSt1N4/g=="],

    "@biomejs/cli-linux-arm64-musl": ["@biomejs/cli-linux-arm64-musl@1.9.4", "", { "os": "linux", "cpu": "arm64" }, "sha512-v665Ct9WCRjGa8+kTr0CzApU0+XXtRgwmzIf1SeKSGAv+2scAlW6JR5PMFo6FzqqZ64Po79cKODKf3/AAmECqA=="],

    "@biomejs/cli-linux-x64": ["@biomejs/cli-linux-x64@1.9.4", "", { "os": "linux", "cpu": "x64" }, "sha512-lRCJv/Vi3Vlwmbd6K+oQ0KhLHMAysN8lXoCI7XeHlxaajk06u7G+UsFSO01NAs5iYuWKmVZjmiOzJ0OJmGsMwg=="],

    "@biomejs/cli-linux-x64-musl": ["@biomejs/cli-linux-x64-musl@1.9.4", "", { "os": "linux", "cpu": "x64" }, "sha512-gEhi/jSBhZ2m6wjV530Yy8+fNqG8PAinM3oV7CyO+6c3CEh16Eizm21uHVsyVBEB6RIM8JHIl6AGYCv6Q6Q9Tg=="],

    "@biomejs/cli-win32-arm64": ["@biomejs/cli-win32-arm64@1.9.4", "", { "os": "win32", "cpu": "arm64" }, "sha512-tlbhLk+WXZmgwoIKwHIHEBZUwxml7bRJgk0X2sPyNR3S93cdRq6XulAZRQJ17FYGGzWne0fgrXBKpl7l4M87Hg=="],

    "@biomejs/cli-win32-x64": ["@biomejs/cli-win32-x64@1.9.4", "", { "os": "win32", "cpu": "x64" }, "sha512-8Y5wMhVIPaWe6jw2H+KlEm4wP/f7EW3810ZLmDlrEEy5KvBsb9ECEfu/kMWD484ijfQ8+nIi0giMgu9g1UAuuA=="],

    "@hono/zod-openapi": ["@hono/zod-openapi@0.19.2", "", { "dependencies": { "@asteasolutions/zod-to-openapi": "^7.1.0", "@hono/zod-validator": "^0.4.1" }, "peerDependencies": { "hono": ">=4.3.6", "zod": "3.*" } }, "sha512-lkFa6wdQVgY7d7/m++Ixr3hvKCF5Y+zjTIPM37fex5ylCfX53A/W28gZRDuFZx3aR+noKob7lHfwdk9dURLzxw=="],

    "@hono/zod-validator": ["@hono/zod-validator@0.4.3", "", { "peerDependencies": { "hono": ">=3.9.0", "zod": "^3.19.1" } }, "sha512-xIgMYXDyJ4Hj6ekm9T9Y27s080Nl9NXHcJkOvkXPhubOLj8hZkOL8pDnnXfvCf5xEE8Q4oMFenQUZZREUY2gqQ=="],

    "@types/bun": ["@types/bun@1.2.5", "", { "dependencies": { "bun-types": "1.2.5" } }, "sha512-w2OZTzrZTVtbnJew1pdFmgV99H0/L+Pvw+z1P67HaR18MHOzYnTYOi6qzErhK8HyT+DB782ADVPPE92Xu2/Opg=="],

    "@types/node": ["@types/node@22.13.10", "", { "dependencies": { "undici-types": "~6.20.0" } }, "sha512-I6LPUvlRH+O6VRUqYOcMudhaIdUVWfsjnZavnsraHvpBwaEyMN29ry+0UVJhImYL16xsscu0aske3yA+uPOWfw=="],

    "@types/ws": ["@types/ws@8.5.14", "", { "dependencies": { "@types/node": "*" } }, "sha512-bd/YFLW+URhBzMXurx7lWByOu+xzU9+kb3RboOteXYDfW+tr+JZa99OyNmPINEGB/ahzKrEuc8rcv4gnpJmxTw=="],

    "bun-types": ["bun-types@1.2.5", "", { "dependencies": { "@types/node": "*", "@types/ws": "~8.5.10" } }, "sha512-3oO6LVGGRRKI4kHINx5PIdIgnLRb7l/SprhzqXapmoYkFl5m4j6EvALvbDVuuBFaamB46Ap6HCUxIXNLCGy+tg=="],

    "detect-indent": ["detect-indent@7.0.1", "", {}, "sha512-Mc7QhQ8s+cLrnUfU/Ji94vG/r8M26m8f++vyres4ZoojaRDpZ1eSIh/EpzLNwlWuvzSZ3UbDFspjFvTDXe6e/g=="],

    "detect-newline": ["detect-newline@4.0.1", "", {}, "sha512-qE3Veg1YXzGHQhlA6jzebZN2qVf6NX+A7m7qlhCGG30dJixrAQhYOsJjsnBjJkCSmuOPpCk30145fr8FV0bzog=="],

    "env-var": ["env-var@7.5.0", "", {}, "sha512-mKZOzLRN0ETzau2W2QXefbFjo5EF4yWq28OyKb9ICdeNhHJlOE/pHHnz4hdYJ9cNZXcJHo5xN4OT4pzuSHSNvA=="],

    "fdir": ["fdir@6.4.3", "", { "peerDependencies": { "picomatch": "^3 || ^4" }, "optionalPeers": ["picomatch"] }, "sha512-PMXmW2y1hDDfTSRc9gaXIuCCRpuoz3Kaz8cUelp3smouvfT632ozg2vrT6lJsHKKOF59YLbOGfAWGUcKEfRMQw=="],

    "get-stdin": ["get-stdin@9.0.0", "", {}, "sha512-dVKBjfWisLAicarI2Sf+JuBE/DghV4UzNAVe9yhEJuzeREd3JhOTE9cUaJTeSa77fsbQUK3pcOpJfM59+VKZaA=="],

    "git-hooks-list": ["git-hooks-list@3.2.0", "", {}, "sha512-ZHG9a1gEhUMX1TvGrLdyWb9kDopCBbTnI8z4JgRMYxsijWipgjSEYoPWqBuIB0DnRnvqlQSEeVmzpeuPm7NdFQ=="],

    "hono": ["hono@4.7.4", "", {}, "sha512-Pst8FuGqz3L7tFF+u9Pu70eI0xa5S3LPUmrNd5Jm8nTHze9FxLTK9Kaj5g/k4UcwuJSXTP65SyHOPLrffpcAJg=="],

    "is-plain-obj": ["is-plain-obj@4.1.0", "", {}, "sha512-+Pgi+vMuUNkJyExiMBt5IlFoMyKnr5zhJ4Uspz58WOhBF5QoIZkFyNHIbBAtHwzVAgk5RtndVNsDRN61/mmDqg=="],

    "lefthook": ["lefthook@1.12.0", "", { "optionalDependencies": { "lefthook-darwin-arm64": "1.12.0", "lefthook-darwin-x64": "1.12.0", "lefthook-freebsd-arm64": "1.12.0", "lefthook-freebsd-x64": "1.12.0", "lefthook-linux-arm64": "1.12.0", "lefthook-linux-x64": "1.12.0", "lefthook-openbsd-arm64": "1.12.0", "lefthook-openbsd-x64": "1.12.0", "lefthook-windows-arm64": "1.12.0", "lefthook-windows-x64": "1.12.0" }, "bin": { "lefthook": "bin/index.js" } }, "sha512-+lJSdsNcKzxv4TcIcXrd21lBXI7wrVXZ080wiJzz4sHz52KyKVPfALDPMm7+VWBtATpnCtHQe2ZPQwiBmy6VRw=="],

    "lefthook-darwin-arm64": ["lefthook-darwin-arm64@1.12.0", "", { "os": "darwin", "cpu": "arm64" }, "sha512-XMwneWj+Ux/6lI+T8ZmXwPkPS9b2n9DgMcjR4kNDTzPClBTNjKngQkh/SOzOKV/w//fkkQCdfCRMvV9f9FLS3A=="],

    "lefthook-darwin-x64": ["lefthook-darwin-x64@1.12.0", "", { "os": "darwin", "cpu": "x64" }, "sha512-juGzUr41z8y8zhLhZhvqN9WeqHPoovFTymGg3gmj0bkrYj2V+dSRtl+nbbz5EZTeK2T32BvrYINQJjV9rmnjwg=="],

    "lefthook-freebsd-arm64": ["lefthook-freebsd-arm64@1.12.0", "", { "os": "freebsd", "cpu": "arm64" }, "sha512-2YUGdslUhzjpHLmXeOX8xhuZkYokotIMjnhN198Vly0aC+kq6ognRnUjBHOSjlIf1i9gAU7sV81yEuofNYv8Mw=="],

    "lefthook-freebsd-x64": ["lefthook-freebsd-x64@1.12.0", "", { "os": "freebsd", "cpu": "x64" }, "sha512-zzPu+6oD4oEh+oS0ayChlb+Y6i5momSM8gBcJKNmuze0xdFt3O4Z104ogXznRGh8bFgrPmtJgeLpwemfG/5fKg=="],

    "lefthook-linux-arm64": ["lefthook-linux-arm64@1.12.0", "", { "os": "linux", "cpu": "arm64" }, "sha512-oMFkBZS7ax/upTFXfnSrqkiiwPtn1rp6vIEQhjWTxQnNcjd8dbZSlVUcpn0yolSpVAnPSKN+2pbLZEonD24YEw=="],

    "lefthook-linux-x64": ["lefthook-linux-x64@1.12.0", "", { "os": "linux", "cpu": "x64" }, "sha512-IKPJcu14FjvefaXC4VZ9NSxZicVoTGZ86OlqiYvT+1hov850YEyusIEo/J8fEzZzQ2F16tQ24iqzrOLtXpp1gQ=="],

    "lefthook-openbsd-arm64": ["lefthook-openbsd-arm64@1.12.0", "", { "os": "openbsd", "cpu": "arm64" }, "sha512-pZWid2jTvBgKEHJEKr6bAR9dXXTpA+2XKtxRFSLoI0KXDI9BH8KxH50zO6Y83siB96YygHlsjWbSsObIYC8Tgw=="],

    "lefthook-openbsd-x64": ["lefthook-openbsd-x64@1.12.0", "", { "os": "openbsd", "cpu": "x64" }, "sha512-gHHqgcuJHzWThnhUUFxk8lm2pSL0z/xGHgZakmBct5vzItfEmXFmlnKHFbWbam4fvNIWKGFKAVCWH3O7x0IQVA=="],

    "lefthook-windows-arm64": ["lefthook-windows-arm64@1.12.0", "", { "os": "win32", "cpu": "arm64" }, "sha512-SXbD5zCCpMSorgr14h4IzgFfBkxJsvso15VTFy1YrIAaM3jhrjlinm/Zk5gBZi82D8J+JbAlbhWC4Z93ombgoA=="],

    "lefthook-windows-x64": ["lefthook-windows-x64@1.12.0", "", { "os": "win32", "cpu": "x64" }, "sha512-cUOpmq8qJMhrOTqAXklsSbSaIxABVPBcENOD84N/pyqQpCdR3LAxIcq5cHLLap6ek8zPYwvFeBe1hVQC/X/xvQ=="],

    "openapi3-ts": ["openapi3-ts@4.4.0", "", { "dependencies": { "yaml": "^2.5.0" } }, "sha512-9asTNB9IkKEzWMcHmVZE7Ts3kC9G7AFHfs8i7caD8HbI76gEjdkId4z/AkP83xdZsH7PLAnnbl47qZkXuxpArw=="],

    "picomatch": ["picomatch@4.0.2", "", {}, "sha512-M7BAV6Rlcy5u+m6oPhAPFgJTzAioX/6B0DxyvDlo9l8+T3nLKbrczg2WLUyzd45L8RqfUMyGPzekbMvX2Ldkwg=="],

    "semver": ["semver@7.7.1", "", { "bin": { "semver": "bin/semver.js" } }, "sha512-hlq8tAfn0m/61p4BVRcPzIGr6LKiMwo4VM6dGi6pt4qcRkmNzTcWq6eCEjEh+qXjkMDvPlOFFSGwQjoEa6gyMA=="],

    "sort-object-keys": ["sort-object-keys@1.1.3", "", {}, "sha512-855pvK+VkU7PaKYPc+Jjnmt4EzejQHyhhF33q31qG8x7maDzkeFhAAThdCYay11CISO+qAMwjOBP+fPZe0IPyg=="],

    "sort-package-json": ["sort-package-json@3.0.0", "", { "dependencies": { "detect-indent": "^7.0.1", "detect-newline": "^4.0.1", "get-stdin": "^9.0.0", "git-hooks-list": "^3.0.0", "is-plain-obj": "^4.1.0", "semver": "^7.7.1", "sort-object-keys": "^1.1.3", "tinyglobby": "^0.2.12" }, "bin": { "sort-package-json": "cli.js" } }, "sha512-vfZWx4DnFNB8R9Vg4Dnx21s20auNzWH15ZaCBfADAiyrCwemRmhWstTgvLjMek1DW3+MHcNaqkp86giCF24rMA=="],

    "tinyglobby": ["tinyglobby@0.2.12", "", { "dependencies": { "fdir": "^6.4.3", "picomatch": "^4.0.2" } }, "sha512-qkf4trmKSIiMTs/E63cxH+ojC2unam7rJ0WrauAzpT3ECNTxGRMlaXxVbfxMUC/w0LaYk6jQ4y/nGR9uBO3tww=="],

    "typescript": ["typescript@5.8.2", "", { "bin": { "tsc": "bin/tsc", "tsserver": "bin/tsserver" } }, "sha512-aJn6wq13/afZp/jT9QZmwEjDqqvSGp1VT5GVg+f/t6/oVyrgXM6BY1h9BRh/O5p3PlUPAe+WuiEZOmb/49RqoQ=="],

    "undici-types": ["undici-types@6.20.0", "", {}, "sha512-Ny6QZ2Nju20vw1SRHe3d9jVu6gJ+4e3+MMpqu7pqE5HT6WsTSlce++GQmK5UXS8mzV8DSYHrQH+Xrf2jVcuKNg=="],

    "yaml": ["yaml@2.7.0", "", { "bin": { "yaml": "bin.mjs" } }, "sha512-+hSoy/QHluxmC9kCIJyL/uyFmLmc+e5CFR5Wa+bpIhIj85LVb9ZH2nVnqrHoSvKogwODv0ClqZkmiSSaIH5LTA=="],

    "zod": ["zod@3.24.2", "", {}, "sha512-lY7CDW43ECgW9u1TcT3IoXHflywfVqDYze4waEz812jR/bZ8FHDsl7pFQoSZTz5N+2NqRXs8GBwnAwo3ZNxqhQ=="],
  }
}
