{
  "version": "5",
  "specifiers": {
    "jsr:@deno/loader@0.5": "0.5.0",
    "jsr:@hono/hono@^4.12.15": "4.13.2",
    "jsr:@hono/hono@^4.8.3": "4.13.2",
    "jsr:@hono/standard-validator@0.4": "0.4.0",
    "jsr:@sitnik/nanoid@6": "6.0.1",
    "jsr:@standard-schema/spec@1": "1.1.0",
    "jsr:@std/assert@^1.0.19": "1.0.19",
    "jsr:@std/async@^1.3.0": "1.5.0",
    "jsr:@std/cache@~0.2.3": "0.2.4",
    "jsr:@std/collections@^1.1.7": "1.3.0",
    "jsr:@std/data-structures@^1.1.1": "1.1.2",
    "jsr:@std/dotenv@~0.225.6": "0.225.8",
    "jsr:@std/encoding@^1.0.10": "1.0.11",
    "jsr:@std/fmt@^1.0.10": "1.0.10",
    "jsr:@std/fs@^1.0.23": "1.0.24",
    "jsr:@std/internal@^1.0.12": "1.0.14",
    "jsr:@std/internal@^1.0.14": "1.0.14",
    "jsr:@std/path@^1.1.5": "1.1.6",
    "jsr:@std/ulid@1": "1.0.0",
    "npm:@types/node@26": "26.2.0",
    "npm:arkenv@0.12": "0.12.3_arktype@2.2.3",
    "npm:arktype@^2.2.0": "2.2.3",
    "npm:blake3-jit@^1.1.0": "1.1.0",
    "npm:hono-openapi@^1.3.0": "1.3.1_@standard-community+standard-json@0.3.5__@standard-schema+spec@1.1.0__@types+json-schema@7.0.15__arktype@2.2.3__quansync@0.2.11_@standard-community+standard-openapi@0.2.9__@standard-community+standard-json@0.3.5___@standard-schema+spec@1.1.0___@types+json-schema@7.0.15___arktype@2.2.3___quansync@0.2.11__@standard-schema+spec@1.1.0__arktype@2.2.3__openapi-types@12.1.3__@types+json-schema@7.0.15__quansync@0.2.11_@types+json-schema@7.0.15_openapi-types@12.1.3_@standard-schema+spec@1.1.0_arktype@2.2.3_quansync@0.2.11",
    "npm:oxfmt@0.63": "0.63.0",
    "npm:oxlint-tsgolint@7": "7.0.2001",
    "npm:oxlint@^1.62.0": "1.78.0_oxlint-tsgolint@7.0.2001",
    "npm:rolldown@1.2.4": "1.2.4"
  },
  "jsr": {
    "@deno/loader@0.5.0": {
      "integrity": "a6d94408de5e6bacac404f8f6963c8b8cc278cfd1a878aa2f06b34a083d6bfee"
    },
    "@hono/hono@4.13.2": {
      "integrity": "715d8cc1b6b5d6b9e6a7519059778d775b2d79fffdc026ac0ccdd9971e75809c"
    },
    "@hono/standard-validator@0.4.0": {
      "integrity": "06897043fd6263cd2b771c251055613686897f521a047720a9ec8c694d7c087d",
      "dependencies": [
        "jsr:@hono/hono@^4.8.3",
        "jsr:@standard-schema/spec"
      ]
    },
    "@sitnik/nanoid@6.0.1": {
      "integrity": "afba1843ccc9e7e6dc9e72f0a9ed99c76518ca0ab64eea4f1e149016df4963a3"
    },
    "@standard-schema/spec@1.1.0": {
      "integrity": "2ccd54513cd9c960bd155ab569b1a901bc99c6f9ad29559d3f38a28c91c1822d"
    },
    "@std/assert@1.0.19": {
      "integrity": "eaada96ee120cb980bc47e040f82814d786fe8162ecc53c91d8df60b8755991e",
      "dependencies": [
        "jsr:@std/internal@^1.0.12"
      ]
    },
    "@std/async@1.5.0": {
      "integrity": "4c1f22d287a17ad7d8643b1952bc5a4d21e5d8b68dc8c20d8268eecc69096e82",
      "dependencies": [
        "jsr:@std/data-structures"
      ]
    },
    "@std/cache@0.2.4": {
      "integrity": "3786a6961a8a851c651f6fa4c39d46e7ce9c098630689655ea53e5143eb3565b"
    },
    "@std/collections@1.3.0": {
      "integrity": "eb36b43d784477ea0b476483ac034a14bdd182aff921c812ecf662a1fcef9498"
    },
    "@std/data-structures@1.1.2": {
      "integrity": "2471377c9e0051f9ec34e57d0ebd0ad133a5a889677446ec6ba9938e4e102918"
    },
    "@std/dotenv@0.225.8": {
      "integrity": "27b8c1a9d00cbf938345a5924487c04d9b27bdd7e7bd1983f54bcf76d0a0174a"
    },
    "@std/encoding@1.0.11": {
      "integrity": "e7cef2f0b3153bccc17431e7c864a1de03a4b6d9647389c43e08aaa775d37385"
    },
    "@std/fmt@1.0.10": {
      "integrity": "90dfba288802ac6de82fb31d0917eb9e4450b9925b954d5e51fc29ac07419db5"
    },
    "@std/fs@1.0.24": {
      "integrity": "f3061b45b81673a2bece689da041df32d174be064c89eb6397fb5718d3fb7877",
      "dependencies": [
        "jsr:@std/internal@^1.0.14",
        "jsr:@std/path"
      ]
    },
    "@std/internal@1.0.14": {
      "integrity": "291516b3d4c35024d6ffbc0a9df5bf4c64116e05b50012cf846710152d2ffdf7"
    },
    "@std/path@1.1.6": {
      "integrity": "c68485c2a4dfbb5ae3cc74fae4e8c4e5d874cf8a8ed12927917235c758b46cbe",
      "dependencies": [
        "jsr:@std/internal@^1.0.14"
      ]
    },
    "@std/ulid@1.0.0": {
      "integrity": "d41c3d27a907714413649fee864b7cde8d42ee68437d22b79d5de4f81d808780"
    }
  },
  "npm": {
    "@ark/schema@0.56.2": {
      "integrity": "sha512-Qx4D2JFbBWpntiHZaTv7bGG4H/M2rigiknezKg/WVyDSaLdE4YCcWAOoFB7pjjDqHbbV2OqRfntm1nnXvwMexg==",
      "dependencies": [
        "@ark/util"
      ]
    },
    "@ark/util@0.56.2": {
      "integrity": "sha512-9kU2sUE38FZEGG7l3hamYMBieLYEJh2L1mrYD2eXpT+78EnQSV1bhjxJhnxGBMSTbtwpBSDNSK+K60WvaI/DTQ=="
    },
    "@oxc-project/types@0.144.0": {
      "integrity": "sha512-nuhZIOLuI6TFQ32I/WnUx+SCPY7SdSKwgnFHydAuoS1+Z4BRcaP+RRJmGzl9lw+0OFF7UmaESf7KQRXaNLHypg=="
    },
    "@oxfmt/binding-android-arm-eabi@0.63.0": {
      "integrity": "sha512-YmRth4ZPGgEXcgmkhvANbC9uD67dxmSobW7DQuyt5tOBOKvPnIpk5SVHBj88E+7wMNRI2FhqaDbOhQFBix+b8A==",
      "os": ["android"],
      "cpu": ["arm"]
    },
    "@oxfmt/binding-android-arm64@0.63.0": {
      "integrity": "sha512-icbahX8X2X3sRamOMecvdYeZXWjPDazRDIfvWfy7Ca1nc/ZDT2Y9k5Nt7s46EqFd7NQPdgk+CM3/SgIT5LPCaQ==",
      "os": ["android"],
      "cpu": ["arm64"]
    },
    "@oxfmt/binding-darwin-arm64@0.63.0": {
      "integrity": "sha512-WV+Ze5v5gI2qoj8jpAovt8KBTW8pjEz/AiMXXjeTQS+Bmf/MmZXTS40S8xNPDszX+W8WDv2Bbk6qKrMTtUGu1A==",
      "os": ["darwin"],
      "cpu": ["arm64"]
    },
    "@oxfmt/binding-darwin-x64@0.63.0": {
      "integrity": "sha512-CJGSBdDxXOWIpoFXHpverimCvz084KA7L483rqJ44c3jDtzv6d4qOSoR/V9ywSHfV+Ks1lwIj2P49BFhunLNAA==",
      "os": ["darwin"],
      "cpu": ["x64"]
    },
    "@oxfmt/binding-freebsd-x64@0.63.0": {
      "integrity": "sha512-BDfKY+KhL2078cgswBBFQPAYuxCy93bS/iC5frdSeSbTLcGrR6VC2hsuPTanoJmg84+wSyWl0wWC1eR+uTnkRg==",
      "os": ["freebsd"],
      "cpu": ["x64"]
    },
    "@oxfmt/binding-linux-arm-gnueabihf@0.63.0": {
      "integrity": "sha512-Ov1cQEXT4mj7cojAokWSS1eoxkoyvbDfAbxNsGIKY2o36kvdAaFzPxRN6NxFRk9fD72B8oCoTTX/NuYTUWlpsg==",
      "os": ["linux"],
      "cpu": ["arm"]
    },
    "@oxfmt/binding-linux-arm-musleabihf@0.63.0": {
      "integrity": "sha512-0LE7ro3+6L79jcMANycAZfRaC7zxr9YZ2+vEL5uMD9QlEep+rS/r1kSJsnuLl991NXJZD60euh0PC1GHrR20vw==",
      "os": ["linux"],
      "cpu": ["arm"]
    },
    "@oxfmt/binding-linux-arm64-gnu@0.63.0": {
      "integrity": "sha512-izPk+2Z4gjuZK32Fqh5qXoMpT/2NXzLh++ob57HiEiVSQZ1iYXu8EKMzb+K5AvWyIEXhdDIt7ADjGGtFhkT9Bw==",
      "os": ["linux"],
      "cpu": ["arm64"]
    },
    "@oxfmt/binding-linux-arm64-musl@0.63.0": {
      "integrity": "sha512-alPmbOuWXFXiSo+lOtv6X71C7SYMEDW2WVvywOvf9BwKgEhSNGhMTLeFVSjKUMCamcjbbgVdsWF8GN1uy8xshg==",
      "os": ["linux"],
      "cpu": ["arm64"]
    },
    "@oxfmt/binding-linux-ppc64-gnu@0.63.0": {
      "integrity": "sha512-BdzCPvolJc4AWZ+YMzgUDJcDzbQWrFjYuqBHoNHNqP1aCaluQRJNs4k3vNU5IG7vTpjf9zeD73D7MFM1TecZpg==",
      "os": ["linux"],
      "cpu": ["ppc64"]
    },
    "@oxfmt/binding-linux-riscv64-gnu@0.63.0": {
      "integrity": "sha512-7sIgfLzqtNKSkMGsGVyRpHwpjNezRg2XONvUOheFZs95TSZpM0JAuPpA8KrQFsWc4wPU95roX2O69JgH8igOgw==",
      "os": ["linux"],
      "cpu": ["riscv64"]
    },
    "@oxfmt/binding-linux-riscv64-musl@0.63.0": {
      "integrity": "sha512-9Tcg0y0WcVa6Mm9AgcgFMseDS+VkFJZpKZ8We9SpDY4gg5jewSwln+0sO04QLcTS1BtfDl9MwR+NfID8L7PUTg==",
      "os": ["linux"],
      "cpu": ["riscv64"]
    },
    "@oxfmt/binding-linux-s390x-gnu@0.63.0": {
      "integrity": "sha512-qWKC1pEOpx1qYhXaugPhHUeXwSfqEOk2wJH2LqVXGPV5iQYfdAZdt+d2XDiX4DTSWA2QDMUcFB+wEORh3Xn/sA==",
      "os": ["linux"],
      "cpu": ["s390x"]
    },
    "@oxfmt/binding-linux-x64-gnu@0.63.0": {
      "integrity": "sha512-S9wXYOiGSqYGS4Fx/TFsY+xDd/7dE5s+rUgbA4TsHiVF9e8J3ZcKmP7dsP/7iqLI9Wz7Ic7TzEr3mdthRCTdrA==",
      "os": ["linux"],
      "cpu": ["x64"]
    },
    "@oxfmt/binding-linux-x64-musl@0.63.0": {
      "integrity": "sha512-5eGyTJuMZNwBSHCivXt8Yuta6GeTYksOPXRk2MIhajiyFGQx7bjaHIwY+ZusAoFHhT157A9x6sktLjYo9D5oMQ==",
      "os": ["linux"],
      "cpu": ["x64"]
    },
    "@oxfmt/binding-openharmony-arm64@0.63.0": {
      "integrity": "sha512-Rz7hx+Dv3DoW/S6pwVAyjfFXp7/trdQ1zg+vNmsdsdDNlUccugp4XNqambSuEAeP0DaG9k72AtNyfDXCEg0AGw==",
      "os": ["openharmony"],
      "cpu": ["arm64"]
    },
    "@oxfmt/binding-win32-arm64-msvc@0.63.0": {
      "integrity": "sha512-T/IuizKN9mr4Xw6YYnptkXRNdLkyIlUZ7c8zfTOBpoytZyJ1BAsMUvsMDEx0X4YvSMpaivm+DR8112rQfzC25g==",
      "os": ["win32"],
      "cpu": ["arm64"]
    },
    "@oxfmt/binding-win32-ia32-msvc@0.63.0": {
      "integrity": "sha512-XjrO5FJ5Wl9vsAxtCP1G/eaeT6y1K2s9CICUHGE42cEjou32/J6S+B1KnrOAboj6E7uhJnwPbRSvznWcxNdA0g==",
      "os": ["win32"],
      "cpu": ["ia32"]
    },
    "@oxfmt/binding-win32-x64-msvc@0.63.0": {
      "integrity": "sha512-sgsHCQy432OTQH4Ikk3tZptp3GqwnhwUDuY0loBH41zyHWfMZY9v8Dy78wsnSofHejvFozZGgJgBB1A0LQRwMQ==",
      "os": ["win32"],
      "cpu": ["x64"]
    },
    "@oxlint-tsgolint/darwin-arm64@7.0.2001": {
      "integrity": "sha512-CUJEdbSZ54+Xy9OXqOhWLTKZKV0BBiV7C2i/ygyVmXtkUNXx5YCzN8DpSSshTAKktoL7S+tnQ/ftFG/i7X896w==",
      "os": ["darwin"],
      "cpu": ["arm64"]
    },
    "@oxlint-tsgolint/darwin-x64@7.0.2001": {
      "integrity": "sha512-pXfBb5BqONCcgrXQNUZWXgiYmRSWJzd97S8i41VVOh6ut0tyo+cJ5FKFpczDHxiVNfj/3e7c9B4MtztNdpIVCw==",
      "os": ["darwin"],
      "cpu": ["x64"]
    },
    "@oxlint-tsgolint/linux-arm64@7.0.2001": {
      "integrity": "sha512-roP7zujb/QDPzDwEKsFFpzNHHy91/Y7oX9vQXk78ekyZtcQj1QXDIMH33gjDdHBfRl4K9pZ36xhRgrP4Zr+R8A==",
      "os": ["linux"],
      "cpu": ["arm64"]
    },
    "@oxlint-tsgolint/linux-x64@7.0.2001": {
      "integrity": "sha512-UDezNqdECVmngu2TPnjaS1YoAmcTaBoI5lV9vk3VahBxoi+I5r9k3iJTT7qZoYWOXTD/7T7bNcwRgrocR6BscQ==",
      "os": ["linux"],
      "cpu": ["x64"]
    },
    "@oxlint-tsgolint/win32-arm64@7.0.2001": {
      "integrity": "sha512-uJZhqB6pdXLuN+AD1F5082byyQti/NPmJA77GtcFlmT2HzRelqbNls3SaIqxpjdFgvSBF9g0yOKGBkGFg7kX8Q==",
      "os": ["win32"],
      "cpu": ["arm64"]
    },
    "@oxlint-tsgolint/win32-x64@7.0.2001": {
      "integrity": "sha512-FkDRm8hx9OwzGQqyWG1tO5QrTLRApff9DzSgpz9QZau37BR8d1VYKOxMLGf6shPZntJFoTwIIJYT68VndYDCog==",
      "os": ["win32"],
      "cpu": ["x64"]
    },
    "@oxlint/binding-android-arm-eabi@1.78.0": {
      "integrity": "sha512-Bu819lmAfZMUHErrpe0cEWj3iaefuUODHSU8+UbXy67V/r7/7f4K3FL0NmbD85E+wiFLDYuhP8Zlv0XnVeXshw==",
      "os": ["android"],
      "cpu": ["arm"]
    },
    "@oxlint/binding-android-arm64@1.78.0": {
      "integrity": "sha512-CDfxZgB61B7buRdY2FJoAYYPPXCZ1EoC1LKscnC5dg3kjobdxiconvAvvN1BmHyW4PyFT3jRLDag/BY/roSNBQ==",
      "os": ["android"],
      "cpu": ["arm64"]
    },
    "@oxlint/binding-darwin-arm64@1.78.0": {
      "integrity": "sha512-2Y2U9Ahrz+OO0Ej88f9SJYq51/jUBp1Mc7iZu0ukrbeeZ3gpRGfzIFnoqfHDY96xr0GEfNrPUBFEy0nN5aD7HA==",
      "os": ["darwin"],
      "cpu": ["arm64"]
    },
    "@oxlint/binding-darwin-x64@1.78.0": {
      "integrity": "sha512-rpych6eJq6m9jDRypTEaPD1xysaEW5h9+xuxhGK/QhOg+/xaqPZrCrTNoIl/f3nEjuJeCEmstNDlrE9rJi/3/g==",
      "os": ["darwin"],
      "cpu": ["x64"]
    },
    "@oxlint/binding-freebsd-x64@1.78.0": {
      "integrity": "sha512-IcMGrQT3QizkOESUJd5et+rOhVqSkNDfNik1cvrKDqIbzqx9KMtRswpFgkCuNTSwylCFLKhGUu8KmqY1ZnC0Dg==",
      "os": ["freebsd"],
      "cpu": ["x64"]
    },
    "@oxlint/binding-linux-arm-gnueabihf@1.78.0": {
      "integrity": "sha512-/uLdoJ0IXE6vo/0f0LKjinQAp+re+VMaCWaNT8ENIv2EOCkSsc8SGaflXAuW0Jua2dq5+GLVWm1NQK7P3UFSNQ==",
      "os": ["linux"],
      "cpu": ["arm"]
    },
    "@oxlint/binding-linux-arm-musleabihf@1.78.0": {
      "integrity": "sha512-7xi4Wb/O8NRJhLoUXmDJMUVpNYvB5kefdhFU1Jb8rtae4QoXlTiLwI14X4YvAXVZLNZChP8m5qO9SQAlWQTbkQ==",
      "os": ["linux"],
      "cpu": ["arm"]
    },
    "@oxlint/binding-linux-arm64-gnu@1.78.0": {
      "integrity": "sha512-4hFW0+fVXa3OIh1Y4A5SPkmvI4wuuBSrCVKzOyE7PTjhc7yEqZ1pmvEEeS5Lj/MaqvegFxXyF33N+6jkehxdyg==",
      "os": ["linux"],
      "cpu": ["arm64"]
    },
    "@oxlint/binding-linux-arm64-musl@1.78.0": {
      "integrity": "sha512-oC0mvsgBJjlMijSDEhx9KuvR9zYeHXceA9MjbuXB1F8NSR78Yj2unOBrstEvTVaq+pko+kuue6DajC00eqvTdg==",
      "os": ["linux"],
      "cpu": ["arm64"]
    },
    "@oxlint/binding-linux-ppc64-gnu@1.78.0": {
      "integrity": "sha512-XAllT5SUZS+ohjuZ3/5S0cwe0r7eboiuigeStCZ5DXRYx/2KVM2UvQXvAfyzXEimtQjAB7cDQ2YxDe2Zl2WNQQ==",
      "os": ["linux"],
      "cpu": ["ppc64"]
    },
    "@oxlint/binding-linux-riscv64-gnu@1.78.0": {
      "integrity": "sha512-trucMER/0QtecoXvc1y/UVqE3kwJipDwrx4oHfj+nNm3dq2zjP44WT0CfHNDPM3G1DXIkx/gY6lAD21NSCZVhA==",
      "os": ["linux"],
      "cpu": ["riscv64"]
    },
    "@oxlint/binding-linux-riscv64-musl@1.78.0": {
      "integrity": "sha512-cm3O4F/HQbdzOUX5mKHqG5KDL6E5w0pnlZ+fbBy2rmLryPOowkuLagFHTopQsEIpjcaZoPOrL+BmmAytAG9HFg==",
      "os": ["linux"],
      "cpu": ["riscv64"]
    },
    "@oxlint/binding-linux-s390x-gnu@1.78.0": {
      "integrity": "sha512-33wRf6HqGNsybJ3qX4cGaQN2ODPxNmc1rMa0mrTmx3eFq1VzOnvQooi9bIGVYakW8a/wmqVx1mgsUm8R2xfTiw==",
      "os": ["linux"],
      "cpu": ["s390x"]
    },
    "@oxlint/binding-linux-x64-gnu@1.78.0": {
      "integrity": "sha512-rRdISSYegj6VganMZ9tjRjijowfHJ09IZU01i0toBAqr6n5LEtwHq2IeS4FjW2RoskOHlb6efB26H5izYb3GEQ==",
      "os": ["linux"],
      "cpu": ["x64"]
    },
    "@oxlint/binding-linux-x64-musl@1.78.0": {
      "integrity": "sha512-GmsP4rW0xTL6u5CVdcDsaN5Fbc7hBc382Wmar1kttbnwSEviM+rSINKOMQ+UQ6iH+AGwC+8gaAiwu134Tgh6Lg==",
      "os": ["linux"],
      "cpu": ["x64"]
    },
    "@oxlint/binding-openharmony-arm64@1.78.0": {
      "integrity": "sha512-sy9yeYuADc8a+n4TLBayzMCZiHPW78DcIFVpOXTmdKHWQeM9xe5uzkqIIZmi326D5hY9XVwacipEB1p7tQjPAg==",
      "os": ["openharmony"],
      "cpu": ["arm64"]
    },
    "@oxlint/binding-win32-arm64-msvc@1.78.0": {
      "integrity": "sha512-rjc2hF1KfMi8fZj1X/m3AmnHbdsF3rL0v6KQg0Uc880Yb2khjz+3U14sfdZ7jWTpRnN1m1NQa/TT7uU9lJWPrA==",
      "os": ["win32"],
      "cpu": ["arm64"]
    },
    "@oxlint/binding-win32-ia32-msvc@1.78.0": {
      "integrity": "sha512-zcuXFVrEFHIafRfkCQT8w/Xe41o07ozl/vwHq7p94vB29xVzsB0sZGYORU1jhcYKv3Lr0J3HbJ2T4fHH5rWmvA==",
      "os": ["win32"],
      "cpu": ["ia32"]
    },
    "@oxlint/binding-win32-x64-msvc@1.78.0": {
      "integrity": "sha512-Sb5ocmLSuYeOuXd+CFOToGKp/gjXUEWDnvIGwhnh8aq8wY4TMmEnKnvbogSW7RdMZv77JSARduS7/gv+khYEjA==",
      "os": ["win32"],
      "cpu": ["x64"]
    },
    "@rolldown/binding-android-arm64@1.2.4": {
      "integrity": "sha512-jHC2cnyKz5xU2fhECtFl8OZ83cYNt13GZQD+0uMJ/X3o+ijmd56okHhTUwxVSHPx1IRVIJEZ1/1pPzeLCU6XKA==",
      "os": ["android"],
      "cpu": ["arm64"]
    },
    "@rolldown/binding-darwin-arm64@1.2.4": {
      "integrity": "sha512-Dc5mPD8F5F/FS8i01syd7FTF6yB2fVthH/TRkjwJkzUK6EpoxHtqvZQP5Zwq80/5z19TWYHIg1KOHboCgVx/aQ==",
      "os": ["darwin"],
      "cpu": ["arm64"]
    },
    "@rolldown/binding-darwin-x64@1.2.4": {
      "integrity": "sha512-fpDm4oBo6SqLvWUYCmFhdde3U9KH2fRNNMeAnAPAIwxRL345xutL0EtEUcuoxsoazdJGv/MuDBQHlCDrtbvqOg==",
      "os": ["darwin"],
      "cpu": ["x64"]
    },
    "@rolldown/binding-freebsd-x64@1.2.4": {
      "integrity": "sha512-rSJoreDE/HoIzoaib6MTp5jQtCTdMHKIvItAKT/ImS6Y6Ww76oUaeMyp4Vc/fAgd/ehji068IxetHXAnqUwN9A==",
      "os": ["freebsd"],
      "cpu": ["x64"]
    },
    "@rolldown/binding-linux-arm-gnueabihf@1.2.4": {
      "integrity": "sha512-/jm8OGHgn7oGaJu3i/qZI9spUGcJ+y/lk43ttQ/iO1tOd9NissG6o97bighBCiL+BKRngmcDuR6ikfwYdJmVuQ==",
      "os": ["linux"],
      "cpu": ["arm"]
    },
    "@rolldown/binding-linux-arm64-gnu@1.2.4": {
      "integrity": "sha512-tIP06BeD9EqvECBrPZ+sqdPlYrT+aYaAiu1wYziVx5elRK/ftm33JxVDy2bXGbr6J0CrtirCkR87/X5a2euEng==",
      "os": ["linux"],
      "cpu": ["arm64"]
    },
    "@rolldown/binding-linux-arm64-musl@1.2.4": {
      "integrity": "sha512-Ql1Q0EQqVThvn9VAVlwNzsUvbSFtCMGjLpRRi4pk5i7NZZ4n5ISiLMjHYtus4VQ2PvkSw24zyaCVsiS+sXPj1w==",
      "os": ["linux"],
      "cpu": ["arm64"]
    },
    "@rolldown/binding-linux-ppc64-gnu@1.2.4": {
      "integrity": "sha512-GjbjXD4XXfN19D0LZNbmiCBUoDiRACsYHr0yaIbbn8aFsXjHZifcYqu/W5Er5X2X990WjHXFrxarn5chzItorQ==",
      "os": ["linux"],
      "cpu": ["ppc64"]
    },
    "@rolldown/binding-linux-s390x-gnu@1.2.4": {
      "integrity": "sha512-p5WR0NOwaRmJ/B1b6IjEFLLivwEsf3PrdBIhRbhTCQisbo2SvHHpG4ELB/+FgQNnB88LTOF86upmJmbvZdQ2lw==",
      "os": ["linux"],
      "cpu": ["s390x"]
    },
    "@rolldown/binding-linux-x64-gnu@1.2.4": {
      "integrity": "sha512-4/GyVjmhR+Tc6HLJvwc1sOhPqAZtySiSMesOZyX6JQ5XBxoTDEMKQzvo07NIK6nTon/SivlZqvhzvuVBNQhObQ==",
      "os": ["linux"],
      "cpu": ["x64"]
    },
    "@rolldown/binding-linux-x64-musl@1.2.4": {
      "integrity": "sha512-l9eeLsCNvPpmSXUej0etw/J1eqV0Jj1D5G/xG6YTijmE6dkv6E2QezgWbTfQk63v952DPqrjOCoiqxq7Bw0YUQ==",
      "os": ["linux"],
      "cpu": ["x64"]
    },
    "@rolldown/binding-openharmony-arm64@1.2.4": {
      "integrity": "sha512-e0F355MSTMm3+UOqtV3L24gFUp2N5m1f8L/7d56deik6va+AXdrt9F8LbzGpeWGWRbZEDq4m8NVnJDeBtf9DZg==",
      "os": ["openharmony"],
      "cpu": ["arm64"]
    },
    "@rolldown/binding-win32-arm64-msvc@1.2.4": {
      "integrity": "sha512-AWLi0uBRYh6QlE7OKhiz+phZC0qwtij2QZmhmOdsLdFn64m7oMpooE9ICE3lhm9xMb4SpDo2WbHcxX1iFLFtqw==",
      "os": ["win32"],
      "cpu": ["arm64"]
    },
    "@rolldown/binding-win32-x64-msvc@1.2.4": {
      "integrity": "sha512-UwSDJOg3dqCAejWdxclJjCsh3Qq4vLYMDxmyHqo1btz3stK2VqgwNd3mm5tuIwzSlGIQ/1H9Hr+Zn09mrezNqQ==",
      "os": ["win32"],
      "cpu": ["x64"]
    },
    "@rolldown/pluginutils@1.0.1": {
      "integrity": "sha512-2j9bGt5Jh8hj+vPtgzPtl72j0yRxHAyumoo6TNfAjsLB04UtpSvPbPcDcBMxz7n+9CYB0c1GxQFxYRg2jimqGw=="
    },
    "@standard-community/standard-json@0.3.5_@standard-schema+spec@1.1.0_@types+json-schema@7.0.15_arktype@2.2.3_quansync@0.2.11": {
      "integrity": "sha512-4+ZPorwDRt47i+O7RjyuaxHRK/37QY/LmgxlGrRrSTLYoFatEOzvqIc85GTlM18SFZ5E91C+v0o/M37wZPpUHA==",
      "dependencies": [
        "@standard-schema/spec",
        "@types/json-schema",
        "arktype",
        "quansync"
      ],
      "optionalPeers": [
        "arktype"
      ]
    },
    "@standard-community/standard-openapi@0.2.9_@standard-community+standard-json@0.3.5__@standard-schema+spec@1.1.0__@types+json-schema@7.0.15__arktype@2.2.3__quansync@0.2.11_@standard-schema+spec@1.1.0_arktype@2.2.3_openapi-types@12.1.3_@types+json-schema@7.0.15_quansync@0.2.11": {
      "integrity": "sha512-htj+yldvN1XncyZi4rehbf9kLbu8os2Ke/rfqoZHCMHuw34kiF3LP/yQPdA0tQ940y8nDq3Iou8R3wG+AGGyvg==",
      "dependencies": [
        "@standard-community/standard-json",
        "@standard-schema/spec",
        "arktype",
        "openapi-types"
      ],
      "optionalPeers": [
        "arktype"
      ]
    },
    "@standard-schema/spec@1.1.0": {
      "integrity": "sha512-l2aFy5jALhniG5HgqrD6jXLi/rUWrKvqN/qJx6yoJsgKhblVd+iqqU4RCXavm/jPityDo5TCvKMnpjKnOriy0w=="
    },
    "@types/json-schema@7.0.15": {
      "integrity": "sha512-5+fP8P8MFNC+AyZCDxrB2pkZFPGzqQWUzpSeuuVLvm8VMcorNYavBqoFcxK8bQz4Qsbn4oUEEem4wDLfcysGHA=="
    },
    "@types/node@26.2.0": {
      "integrity": "sha512-5IviulTZeRNp2vAJ514cc/HUlY5nZ9fCbq9DMyC52BrhFZACo3nI0R7qBxhQmo/d27NFe96ur/b7Wwxklda+kg==",
      "dependencies": [
        "undici-types"
      ]
    },
    "arkenv@0.12.3_arktype@2.2.3": {
      "integrity": "sha512-MX1/O52eG+XysuCotCyBvjZBbBk4qFbefqSYcb337gLwYOgNQhbtDrTOr+biMhjfAyGo3s+3Kn+fLH4aYgxTtg==",
      "dependencies": [
        "arktype"
      ],
      "optionalPeers": [
        "arktype"
      ]
    },
    "arkregex@0.0.8": {
      "integrity": "sha512-PJcx6G1kQTgLKPUbeYlYecDRaKq15AMSGVajlKFYWlPeJRQL+j3dKE6tyMs40HZ99djS1l9Vhl3ezAHy9JBIqQ==",
      "dependencies": [
        "@ark/util"
      ]
    },
    "arktype@2.2.3": {
      "integrity": "sha512-7W+0RLTUNJiBFIIZXwOQxSR8Z273IAd6IvqBeG9+gHnQKFsIx2C0iOtGTmMrPnlX4qLXyc5+ll7A0BIj9WrbTg==",
      "dependencies": [
        "@ark/schema",
        "@ark/util",
        "arkregex"
      ]
    },
    "blake3-jit@1.1.0": {
      "integrity": "sha512-5lNvUdIw2roA6LSV39E1mDXN8WVK8kC0dGZtaZoErkVktSgUjgRueTv4WVqHIUMHGerkfhxBuqFtMNuo/GdLrA=="
    },
    "hono-openapi@1.3.1_@standard-community+standard-json@0.3.5__@standard-schema+spec@1.1.0__@types+json-schema@7.0.15__arktype@2.2.3__quansync@0.2.11_@standard-community+standard-openapi@0.2.9__@standard-community+standard-json@0.3.5___@standard-schema+spec@1.1.0___@types+json-schema@7.0.15___arktype@2.2.3___quansync@0.2.11__@standard-schema+spec@1.1.0__arktype@2.2.3__openapi-types@12.1.3__@types+json-schema@7.0.15__quansync@0.2.11_@types+json-schema@7.0.15_openapi-types@12.1.3_@standard-schema+spec@1.1.0_arktype@2.2.3_quansync@0.2.11": {
      "integrity": "sha512-NLVeVkhKZ3drmQNEIPac8HX8Y54uf1hJAgIM/7MfDsaeVVmB+QILWQxx5x3R3NvRHgedcbEbOCGY2uR7WQYyMw==",
      "dependencies": [
        "@standard-community/standard-json",
        "@standard-community/standard-openapi",
        "@types/json-schema",
        "openapi-types"
      ]
    },
    "openapi-types@12.1.3": {
      "integrity": "sha512-N4YtSYJqghVu4iek2ZUvcN/0aqH1kRDuNqzcycDxhOUpg7GdvLa2F3DgS6yBNhInhv2r/6I0Flkn7CqL8+nIcw=="
    },
    "oxfmt@0.63.0": {
      "integrity": "sha512-kgdDwv35wvVf6554U2Ab8Jnd0zTM+TsEQWwaB70RAjK3gICFAFGO+2Hd3Be27GMoXj3XRL9IKSNRVl7KBQL6iw==",
      "dependencies": [
        "tinypool"
      ],
      "optionalDependencies": [
        "@oxfmt/binding-android-arm-eabi",
        "@oxfmt/binding-android-arm64",
        "@oxfmt/binding-darwin-arm64",
        "@oxfmt/binding-darwin-x64",
        "@oxfmt/binding-freebsd-x64",
        "@oxfmt/binding-linux-arm-gnueabihf",
        "@oxfmt/binding-linux-arm-musleabihf",
        "@oxfmt/binding-linux-arm64-gnu",
        "@oxfmt/binding-linux-arm64-musl",
        "@oxfmt/binding-linux-ppc64-gnu",
        "@oxfmt/binding-linux-riscv64-gnu",
        "@oxfmt/binding-linux-riscv64-musl",
        "@oxfmt/binding-linux-s390x-gnu",
        "@oxfmt/binding-linux-x64-gnu",
        "@oxfmt/binding-linux-x64-musl",
        "@oxfmt/binding-openharmony-arm64",
        "@oxfmt/binding-win32-arm64-msvc",
        "@oxfmt/binding-win32-ia32-msvc",
        "@oxfmt/binding-win32-x64-msvc"
      ],
      "bin": true
    },
    "oxlint-tsgolint@7.0.2001": {
      "integrity": "sha512-KjK/XLcXr1DSyonKhsuFqJRiuKqcyG9j3LJ8nkOsrLzGvodBPqzHOKauy10asLMDI0sUpvb+1sxlzff3udZvfg==",
      "optionalDependencies": [
        "@oxlint-tsgolint/darwin-arm64",
        "@oxlint-tsgolint/darwin-x64",
        "@oxlint-tsgolint/linux-arm64",
        "@oxlint-tsgolint/linux-x64",
        "@oxlint-tsgolint/win32-arm64",
        "@oxlint-tsgolint/win32-x64"
      ],
      "bin": true
    },
    "oxlint@1.78.0_oxlint-tsgolint@7.0.2001": {
      "integrity": "sha512-QgQePuxIqKOzo1KSjG2EnITEeWvWnKAm77eq8nrMtf6AGoA+zyGc4PFYtDNJSD25g/ibOwfQ851hZ4/SPkMVoA==",
      "dependencies": [
        "oxlint-tsgolint"
      ],
      "optionalDependencies": [
        "@oxlint/binding-android-arm-eabi",
        "@oxlint/binding-android-arm64",
        "@oxlint/binding-darwin-arm64",
        "@oxlint/binding-darwin-x64",
        "@oxlint/binding-freebsd-x64",
        "@oxlint/binding-linux-arm-gnueabihf",
        "@oxlint/binding-linux-arm-musleabihf",
        "@oxlint/binding-linux-arm64-gnu",
        "@oxlint/binding-linux-arm64-musl",
        "@oxlint/binding-linux-ppc64-gnu",
        "@oxlint/binding-linux-riscv64-gnu",
        "@oxlint/binding-linux-riscv64-musl",
        "@oxlint/binding-linux-s390x-gnu",
        "@oxlint/binding-linux-x64-gnu",
        "@oxlint/binding-linux-x64-musl",
        "@oxlint/binding-openharmony-arm64",
        "@oxlint/binding-win32-arm64-msvc",
        "@oxlint/binding-win32-ia32-msvc",
        "@oxlint/binding-win32-x64-msvc"
      ],
      "optionalPeers": [
        "oxlint-tsgolint"
      ],
      "bin": true
    },
    "quansync@0.2.11": {
      "integrity": "sha512-AifT7QEbW9Nri4tAwR5M/uzpBuqfZf+zwaEM/QkzEjj7NBuFD2rBuy0K3dE+8wltbezDV7JMA0WfnCPYRSYbXA=="
    },
    "rolldown@1.2.4": {
      "integrity": "sha512-rSr7irW0K7QRWzjdJXqZowkcRdDtjRduh43rBltnVKd0VFq839l1lJoDvGJb6gl7+4rTTCrPWu+YfujUL8Ug7w==",
      "dependencies": [
        "@oxc-project/types",
        "@rolldown/pluginutils"
      ],
      "optionalDependencies": [
        "@rolldown/binding-android-arm64",
        "@rolldown/binding-darwin-arm64",
        "@rolldown/binding-darwin-x64",
        "@rolldown/binding-freebsd-x64",
        "@rolldown/binding-linux-arm-gnueabihf",
        "@rolldown/binding-linux-arm64-gnu",
        "@rolldown/binding-linux-arm64-musl",
        "@rolldown/binding-linux-ppc64-gnu",
        "@rolldown/binding-linux-s390x-gnu",
        "@rolldown/binding-linux-x64-gnu",
        "@rolldown/binding-linux-x64-musl",
        "@rolldown/binding-openharmony-arm64",
        "@rolldown/binding-win32-arm64-msvc",
        "@rolldown/binding-win32-x64-msvc"
      ],
      "bin": true
    },
    "tinypool@2.1.0": {
      "integrity": "sha512-Pugqs6M0m7Lv1I7FtxN4aoyToKg1C4tu+/381vH35y8oENM/Ai7f7C4StcoK4/+BSw9ebcS8jRiVrORFKCALLw=="
    },
    "undici-types@8.3.0": {
      "integrity": "sha512-j375ScV60dom+YkPFIfTLcOiPxkN/buHz5GobjLhixFuANaNs3C9l4GmrWqejgXWJ7BbJcFYpTEUkS1Ge8bpZQ=="
    }
  },
  "workspace": {
    "dependencies": [
      "jsr:@deno/loader@0.5",
      "jsr:@hono/hono@^4.12.15",
      "jsr:@hono/standard-validator@0.4",
      "jsr:@sitnik/nanoid@6",
      "jsr:@std/assert@^1.0.19",
      "jsr:@std/async@^1.3.0",
      "jsr:@std/cache@~0.2.3",
      "jsr:@std/collections@^1.1.7",
      "jsr:@std/dotenv@~0.225.6",
      "jsr:@std/encoding@^1.0.10",
      "jsr:@std/fmt@^1.0.10",
      "jsr:@std/fs@^1.0.23",
      "jsr:@std/ulid@1",
      "npm:@types/node@26",
      "npm:arkenv@0.12",
      "npm:arktype@^2.2.0",
      "npm:blake3-jit@^1.1.0",
      "npm:hono-openapi@^1.3.0",
      "npm:oxfmt@0.63",
      "npm:oxlint-tsgolint@7",
      "npm:oxlint@^1.62.0",
      "npm:rolldown@1.2.4"
    ]
  }
}
