{
  "version": "5",
  "specifiers": {
    "npm:@biomejs/biome@2.3.11": "2.3.11",
    "npm:@jsr/hono__hono@^4.11.3": "4.11.3",
    "npm:@jsr/hono__standard-validator@~0.2.1": "0.2.1",
    "npm:@jsr/std__assert@^1.0.16": "1.0.16",
    "npm:@jsr/std__async@^1.0.16": "1.0.16",
    "npm:@jsr/std__cache@~0.2.1": "0.2.1",
    "npm:@jsr/std__collections@^1.1.3": "1.1.3",
    "npm:@jsr/std__crypto@^1.0.5": "1.0.5",
    "npm:@jsr/std__dotenv@~0.225.6": "0.225.6",
    "npm:@jsr/std__encoding@^1.0.10": "1.0.10",
    "npm:@jsr/std__fmt@^1.0.8": "1.0.8",
    "npm:@jsr/std__fs@^1.0.21": "1.0.21",
    "npm:@jsr/std__streams@^1.0.16": "1.0.16",
    "npm:@jsr/std__ulid@1": "1.0.0",
    "npm:@types/node@^25.0.3": "25.0.3",
    "npm:arkenv@~0.8.3": "0.8.3_arktype@2.1.29",
    "npm:arktype@^2.1.29": "2.1.29",
    "npm:hono-openapi@^1.1.2": "1.1.2_@standard-community+standard-json@0.3.5__@standard-schema+spec@1.1.0__@types+json-schema@7.0.15__arktype@2.1.29__quansync@0.2.11_@standard-community+standard-openapi@0.2.9__@standard-community+standard-json@0.3.5___@standard-schema+spec@1.1.0___@types+json-schema@7.0.15___arktype@2.1.29___quansync@0.2.11__@standard-schema+spec@1.1.0__arktype@2.1.29__openapi-types@12.1.3__@types+json-schema@7.0.15_@types+json-schema@7.0.15_openapi-types@12.1.3_arktype@2.1.29",
    "npm:nanoid@^5.1.6": "5.1.6",
    "npm:rolldown@1.0.0-beta.59": "1.0.0-beta.59"
  },
  "npm": {
    "@ark/schema@0.56.0": {
      "integrity": "sha512-ECg3hox/6Z/nLajxXqNhgPtNdHWC9zNsDyskwO28WinoFEnWow4IsERNz9AnXRhTZJnYIlAJ4uGn3nlLk65vZA==",
      "dependencies": [
        "@ark/util"
      ]
    },
    "@ark/util@0.56.0": {
      "integrity": "sha512-BghfRC8b9pNs3vBoDJhcta0/c1J1rsoS1+HgVUreMFPdhz/CRAKReAu57YEllNaSy98rWAdY1gE+gFup7OXpgA=="
    },
    "@biomejs/biome@2.3.11": {
      "integrity": "sha512-/zt+6qazBWguPG6+eWmiELqO+9jRsMZ/DBU3lfuU2ngtIQYzymocHhKiZRyrbra4aCOoyTg/BmY+6WH5mv9xmQ==",
      "optionalDependencies": [
        "@biomejs/cli-darwin-arm64",
        "@biomejs/cli-darwin-x64",
        "@biomejs/cli-linux-arm64",
        "@biomejs/cli-linux-arm64-musl",
        "@biomejs/cli-linux-x64",
        "@biomejs/cli-linux-x64-musl",
        "@biomejs/cli-win32-arm64",
        "@biomejs/cli-win32-x64"
      ],
      "bin": true
    },
    "@biomejs/cli-darwin-arm64@2.3.11": {
      "integrity": "sha512-/uXXkBcPKVQY7rc9Ys2CrlirBJYbpESEDme7RKiBD6MmqR2w3j0+ZZXRIL2xiaNPsIMMNhP1YnA+jRRxoOAFrA==",
      "os": ["darwin"],
      "cpu": ["arm64"]
    },
    "@biomejs/cli-darwin-x64@2.3.11": {
      "integrity": "sha512-fh7nnvbweDPm2xEmFjfmq7zSUiox88plgdHF9OIW4i99WnXrAC3o2P3ag9judoUMv8FCSUnlwJCM1B64nO5Fbg==",
      "os": ["darwin"],
      "cpu": ["x64"]
    },
    "@biomejs/cli-linux-arm64-musl@2.3.11": {
      "integrity": "sha512-XPSQ+XIPZMLaZ6zveQdwNjbX+QdROEd1zPgMwD47zvHV+tCGB88VH+aynyGxAHdzL+Tm/+DtKST5SECs4iwCLg==",
      "os": ["linux"],
      "cpu": ["arm64"]
    },
    "@biomejs/cli-linux-arm64@2.3.11": {
      "integrity": "sha512-l4xkGa9E7Uc0/05qU2lMYfN1H+fzzkHgaJoy98wO+b/7Gl78srbCRRgwYSW+BTLixTBrM6Ede5NSBwt7rd/i6g==",
      "os": ["linux"],
      "cpu": ["arm64"]
    },
    "@biomejs/cli-linux-x64-musl@2.3.11": {
      "integrity": "sha512-vU7a8wLs5C9yJ4CB8a44r12aXYb8yYgBn+WeyzbMjaCMklzCv1oXr8x+VEyWodgJt9bDmhiaW/I0RHbn7rsNmw==",
      "os": ["linux"],
      "cpu": ["x64"]
    },
    "@biomejs/cli-linux-x64@2.3.11": {
      "integrity": "sha512-/1s9V/H3cSe0r0Mv/Z8JryF5x9ywRxywomqZVLHAoa/uN0eY7F8gEngWKNS5vbbN/BsfpCG5yeBT5ENh50Frxg==",
      "os": ["linux"],
      "cpu": ["x64"]
    },
    "@biomejs/cli-win32-arm64@2.3.11": {
      "integrity": "sha512-PZQ6ElCOnkYapSsysiTy0+fYX+agXPlWugh6+eQ6uPKI3vKAqNp6TnMhoM3oY2NltSB89hz59o8xIfOdyhi9Iw==",
      "os": ["win32"],
      "cpu": ["arm64"]
    },
    "@biomejs/cli-win32-x64@2.3.11": {
      "integrity": "sha512-43VrG813EW+b5+YbDbz31uUsheX+qFKCpXeY9kfdAx+ww3naKxeVkTD9zLIWxUPfJquANMHrmW3wbe/037G0Qg==",
      "os": ["win32"],
      "cpu": ["x64"]
    },
    "@emnapi/core@1.8.1": {
      "integrity": "sha512-AvT9QFpxK0Zd8J0jopedNm+w/2fIzvtPKPjqyw9jwvBaReTTqPBk9Hixaz7KbjimP+QNz605/XnjFcDAL2pqBg==",
      "dependencies": [
        "@emnapi/wasi-threads",
        "tslib"
      ]
    },
    "@emnapi/runtime@1.8.1": {
      "integrity": "sha512-mehfKSMWjjNol8659Z8KxEMrdSJDDot5SXMq00dM8BN4o+CLNXQ0xH2V7EchNHV4RmbZLmmPdEaXZc5H2FXmDg==",
      "dependencies": [
        "tslib"
      ]
    },
    "@emnapi/wasi-threads@1.1.0": {
      "integrity": "sha512-WI0DdZ8xFSbgMjR1sFsKABJ/C5OnRrjT06JXbZKexJGrDuPTzZdDYfFlsgcCXCyf+suG5QU2e/y1Wo2V/OapLQ==",
      "dependencies": [
        "tslib"
      ]
    },
    "@jsr/hono__hono@4.11.3": {
      "integrity": "sha512-1K5jN5tabn9NzylJUQBdYuz25Nv3WarXRXfkSZeiCZK05ahzGZW2aXtKx1odkE1ztTIdkVGDkfht1CQHdGh4iA==",
      "tarball": "https://npm.jsr.io/~/11/@jsr/hono__hono/4.11.3.tgz"
    },
    "@jsr/hono__standard-validator@0.2.1": {
      "integrity": "sha512-93mG2IHjrCzb8A2705N03SW3LyWaNT7EkVwcZ4TqmRDzvX6OZJSe2fCeI3+39qJKon+SkgsdoTqRt00deNg0Gw==",
      "dependencies": [
        "@jsr/hono__hono",
        "@jsr/standard-schema__spec"
      ],
      "tarball": "https://npm.jsr.io/~/11/@jsr/hono__standard-validator/0.2.1.tgz"
    },
    "@jsr/standard-schema__spec@1.1.0": {
      "integrity": "sha512-mWncLgOE1ZVd/xXG+SPmmDmYPQ9Q3OcIbkCn/3oPpp4WOw3RpbHWdxk/jiG8m4Bd9utE2b1yyfynSStpuhdXew==",
      "tarball": "https://npm.jsr.io/~/11/@jsr/standard-schema__spec/1.1.0.tgz"
    },
    "@jsr/std__assert@1.0.16": {
      "integrity": "sha512-bX9ih0nR1kQ12/cnQRCQU0ppTCV7MFkP0qjyWxJRoDI8RC5cpTAmLFH/KcFgxmdN4flKkRbub8VtLuyKq+4OxA==",
      "dependencies": [
        "@jsr/std__internal"
      ],
      "tarball": "https://npm.jsr.io/~/11/@jsr/std__assert/1.0.16.tgz"
    },
    "@jsr/std__async@1.0.16": {
      "integrity": "sha512-WoYmNEPSh+Bs09HvVceERknVX813wQjSb2D9Z0KdxGTMYl5Pm13e5xqa3mYu9QBRlxIxpTivGhIQYaslEezrhw==",
      "tarball": "https://npm.jsr.io/~/11/@jsr/std__async/1.0.16.tgz"
    },
    "@jsr/std__bytes@1.0.6": {
      "integrity": "sha512-St6yKggjFGhxS52IFLJWvkchRFbAKg2Xh8UxA4S1EGz7GJ2Ui+ssDDldj/w2c8vCxvl6qgR0HaYbKeFJNqujmA==",
      "tarball": "https://npm.jsr.io/~/11/@jsr/std__bytes/1.0.6.tgz"
    },
    "@jsr/std__cache@0.2.1": {
      "integrity": "sha512-K4qXWEOWiwo04zyJNxBogPdoXHcmmKjX+O8aKFEbVAd22/AiD9JFK25ZQ85/jCRZu+tDq99mSUz4x8NKqLsISQ==",
      "tarball": "https://npm.jsr.io/~/11/@jsr/std__cache/0.2.1.tgz"
    },
    "@jsr/std__collections@1.1.3": {
      "integrity": "sha512-jGG6mv3IjOyxm6PyT1YVbLyAlZL+Gow6LOpBw+84qb1nkdJY0+t6bi7ICEqAwUz87cNjBS0P+yZQ5HHclJhsfw==",
      "tarball": "https://npm.jsr.io/~/11/@jsr/std__collections/1.1.3.tgz"
    },
    "@jsr/std__crypto@1.0.5": {
      "integrity": "sha512-iqFCkjeGeQccLgmxH9m1d7abjZcFMW0XrYZu1itNz8vVHzH9crObalonjVQaVDdKHCrNNOklMN1t0u3k46dirA==",
      "tarball": "https://npm.jsr.io/~/11/@jsr/std__crypto/1.0.5.tgz"
    },
    "@jsr/std__dotenv@0.225.6": {
      "integrity": "sha512-rqh5RrHccbyzmP4v1/vqUyYy4dqopjTRgW8bJqk2ZXTKBbvpmMjPxJ+xy+YAk6XnEvtPCPAgqbFhHWcomjnX+w==",
      "tarball": "https://npm.jsr.io/~/11/@jsr/std__dotenv/0.225.6.tgz"
    },
    "@jsr/std__encoding@1.0.10": {
      "integrity": "sha512-WK2njnDTyKefroRNk2Ooq7GStp6Y0ccAvr4To+Z/zecRAGe7+OSvH9DbiaHpAKwEi2KQbmpWMOYsdNt+TsdmSw==",
      "tarball": "https://npm.jsr.io/~/11/@jsr/std__encoding/1.0.10.tgz"
    },
    "@jsr/std__fmt@1.0.8": {
      "integrity": "sha512-miZHzj9OgjuajrcMKzpqNVwFb9O71UHZzV/FHVq0E0Uwmv/1JqXgmXAoBNPrn+MP0fHT3mMgaZ6XvQO7dam67Q==",
      "tarball": "https://npm.jsr.io/~/11/@jsr/std__fmt/1.0.8.tgz"
    },
    "@jsr/std__fs@1.0.21": {
      "integrity": "sha512-k/agrcKGm6KD89ci3AEyRmu3wRWf9JZNliOF4ZUxagTHiySmxjiKU3Lk+d2ksRtwEi7oWlLGS0AVM9Lciwc/xg==",
      "dependencies": [
        "@jsr/std__internal",
        "@jsr/std__path"
      ],
      "tarball": "https://npm.jsr.io/~/11/@jsr/std__fs/1.0.21.tgz"
    },
    "@jsr/std__internal@1.0.12": {
      "integrity": "sha512-6xReMW9p+paJgqoFRpOE2nogJFvzPfaLHLIlyADYjKMUcwDyjKZxryIbgcU+gxiTygn8yCjld1HoI0ET4/iZeA==",
      "tarball": "https://npm.jsr.io/~/11/@jsr/std__internal/1.0.12.tgz"
    },
    "@jsr/std__path@1.1.4": {
      "integrity": "sha512-SK4u9H6NVTfolhPdlvdYXfNFefy1W04AEHWJydryYbk+xqzNiVmr5o7TLJLJFqwHXuwMRhwrn+mcYeUfS0YFaA==",
      "dependencies": [
        "@jsr/std__internal"
      ],
      "tarball": "https://npm.jsr.io/~/11/@jsr/std__path/1.1.4.tgz"
    },
    "@jsr/std__streams@1.0.16": {
      "integrity": "sha512-8vQHEDIpAr5m9upZEcF1UO2ylZCJsOs5mlsXaJNehQmSm8Iiz/XaKtb73Fh6fj8Ybc2jNw2zyi9CLfqd3Ph6mA==",
      "dependencies": [
        "@jsr/std__bytes"
      ],
      "tarball": "https://npm.jsr.io/~/11/@jsr/std__streams/1.0.16.tgz"
    },
    "@jsr/std__ulid@1.0.0": {
      "integrity": "sha512-RvVolUwRoFtoSuYZROBmhCYEIuI4xsxeHjGGbJQZVDCBnDBJwfm16vOJyE1Va9+BnTl1iW7o1nCloBI+EQAWVg==",
      "tarball": "https://npm.jsr.io/~/11/@jsr/std__ulid/1.0.0.tgz"
    },
    "@napi-rs/wasm-runtime@1.1.1": {
      "integrity": "sha512-p64ah1M1ld8xjWv3qbvFwHiFVWrq1yFvV4f7w+mzaqiR4IlSgkqhcRdHwsGgomwzBH51sRY4NEowLxnaBjcW/A==",
      "dependencies": [
        "@emnapi/core",
        "@emnapi/runtime",
        "@tybys/wasm-util"
      ]
    },
    "@oxc-project/types@0.107.0": {
      "integrity": "sha512-QFDRbYfV2LVx8tyqtyiah3jQPUj1mK2+RYwxyFWyGoys6XJnwTdlzO6rdNNHOPorHAu5Uo34oWRKcvNpbJarmQ=="
    },
    "@rolldown/binding-android-arm64@1.0.0-beta.59": {
      "integrity": "sha512-6yLLgyswYwiCfls9+hoNFY9F8TQdwo15hpXDHzlAR0X/GojeKF+AuNcXjYNbOJ4zjl/5D6lliE8CbpB5t1OWIQ==",
      "os": ["android"],
      "cpu": ["arm64"]
    },
    "@rolldown/binding-darwin-arm64@1.0.0-beta.59": {
      "integrity": "sha512-hqGXRc162qCCIOAcHN2Cw4eXiVTwYsMFLOhAy1IG2CxY+dwc/l4Ga+dLPkLor3Ikqy5WDn+7kxHbbh6EmshEpQ==",
      "os": ["darwin"],
      "cpu": ["arm64"]
    },
    "@rolldown/binding-darwin-x64@1.0.0-beta.59": {
      "integrity": "sha512-ezvvGuhteE15JmMhJW0wS7BaXmhwLy1YHeEwievYaPC1PgGD86wgBKfOpHr9tSKllAXbCe0BeeMvasscWLhKdA==",
      "os": ["darwin"],
      "cpu": ["x64"]
    },
    "@rolldown/binding-freebsd-x64@1.0.0-beta.59": {
      "integrity": "sha512-4fhKVJiEYVd5n6no/mrL3LZ9kByfCGwmONOrdtvx8DJGDQhehH/q3RfhG3V/4jGKhpXgbDjpIjkkFdybCTcgew==",
      "os": ["freebsd"],
      "cpu": ["x64"]
    },
    "@rolldown/binding-linux-arm-gnueabihf@1.0.0-beta.59": {
      "integrity": "sha512-T3Y52sW6JAhvIqArBw+wtjNU1Ieaz4g0NBxyjSJoW971nZJBZygNlSYx78G4cwkCmo1dYTciTPDOnQygLV23pA==",
      "os": ["linux"],
      "cpu": ["arm"]
    },
    "@rolldown/binding-linux-arm64-gnu@1.0.0-beta.59": {
      "integrity": "sha512-NIW40jQDSQap2KDdmm9z3B/4OzWJ6trf8dwx3FD74kcQb3v34ThsBFTtzE5KjDuxnxgUlV+DkAu+XgSMKrgufw==",
      "os": ["linux"],
      "cpu": ["arm64"]
    },
    "@rolldown/binding-linux-arm64-musl@1.0.0-beta.59": {
      "integrity": "sha512-CCKEk+H+8c0WGe/8n1E20n85Tq4Pv+HNAbjP1KfUXW+01aCWSMjU56ChNrM2tvHnXicfm7QRNoZyfY8cWh7jLQ==",
      "os": ["linux"],
      "cpu": ["arm64"]
    },
    "@rolldown/binding-linux-x64-gnu@1.0.0-beta.59": {
      "integrity": "sha512-VlfwJ/HCskPmQi8R0JuAFndySKVFX7yPhE658o27cjSDWWbXVtGkSbwaxstii7Q+3Rz87ZXN+HLnb1kd4R9Img==",
      "os": ["linux"],
      "cpu": ["x64"]
    },
    "@rolldown/binding-linux-x64-musl@1.0.0-beta.59": {
      "integrity": "sha512-kuO92hTRyGy0Ts3Nsqll0rfO8eFsEJe9dGQGktkQnZ2hrJrDVN0y419dMgKy/gB2S2o7F2dpWhpfQOBehZPwVA==",
      "os": ["linux"],
      "cpu": ["x64"]
    },
    "@rolldown/binding-openharmony-arm64@1.0.0-beta.59": {
      "integrity": "sha512-PXAebvNL4sYfCqi8LdY4qyFRacrRoiPZLo3NoUmiTxm7MPtYYR8CNtBGNokqDmMuZIQIecRaD/jbmFAIDz7DxQ==",
      "os": ["openharmony"],
      "cpu": ["arm64"]
    },
    "@rolldown/binding-wasm32-wasi@1.0.0-beta.59": {
      "integrity": "sha512-yJoklQg7XIZq8nAg0bbkEXcDK6sfpjxQGxpg2Nd6ERNtvg+eOaEBRgPww0BVTrYFQzje1pB5qPwC2VnJHT3koQ==",
      "dependencies": [
        "@napi-rs/wasm-runtime"
      ],
      "cpu": ["wasm32"]
    },
    "@rolldown/binding-win32-arm64-msvc@1.0.0-beta.59": {
      "integrity": "sha512-ljZ4+McmCbIuZwEBaoGtiG8Rq2nJjaXEnLEIx+usWetXn1ECjXY0LAhkELxOV6ytv4ensEmoJJ8nXg47hRMjlw==",
      "os": ["win32"],
      "cpu": ["arm64"]
    },
    "@rolldown/binding-win32-x64-msvc@1.0.0-beta.59": {
      "integrity": "sha512-bMY4tTIwbdZljW+xe/ln1hvs0SRitahQSXfWtvgAtIzgSX9Ar7KqJzU7lRm33YTRFIHLULRi53yNjw9nJGd6uQ==",
      "os": ["win32"],
      "cpu": ["x64"]
    },
    "@rolldown/pluginutils@1.0.0-beta.59": {
      "integrity": "sha512-aoh6LAJRyhtazs98ydgpNOYstxUlsOV1KJXcpf/0c0vFcUA8uyd/hwKRhqE/AAPNqAho9RliGsvitCoOzREoVA=="
    },
    "@standard-community/standard-json@0.3.5_@standard-schema+spec@1.1.0_@types+json-schema@7.0.15_arktype@2.1.29_quansync@0.2.11": {
      "integrity": "sha512-4+ZPorwDRt47i+O7RjyuaxHRK/37QY/LmgxlGrRrSTLYoFatEOzvqIc85GTlM18SFZ5E91C+v0o/M37wZPpUHA==",
      "dependencies": [
        "@standard-schema/spec",
        "@types/json-schema",
        "arktype",
        "quansync"
      ],
      "optionalPeers": [
        "arktype"
      ]
    },
    "@standard-community/standard-openapi@0.2.9_@standard-community+standard-json@0.3.5__@standard-schema+spec@1.1.0__@types+json-schema@7.0.15__arktype@2.1.29__quansync@0.2.11_@standard-schema+spec@1.1.0_arktype@2.1.29_openapi-types@12.1.3_@types+json-schema@7.0.15": {
      "integrity": "sha512-htj+yldvN1XncyZi4rehbf9kLbu8os2Ke/rfqoZHCMHuw34kiF3LP/yQPdA0tQ940y8nDq3Iou8R3wG+AGGyvg==",
      "dependencies": [
        "@standard-community/standard-json",
        "@standard-schema/spec",
        "arktype",
        "openapi-types"
      ],
      "optionalPeers": [
        "arktype"
      ]
    },
    "@standard-schema/spec@1.1.0": {
      "integrity": "sha512-l2aFy5jALhniG5HgqrD6jXLi/rUWrKvqN/qJx6yoJsgKhblVd+iqqU4RCXavm/jPityDo5TCvKMnpjKnOriy0w=="
    },
    "@tybys/wasm-util@0.10.1": {
      "integrity": "sha512-9tTaPJLSiejZKx+Bmog4uSubteqTvFrVrURwkmHixBo0G4seD0zUxp98E1DzUBJxLQ3NPwXrGKDiVjwx/DpPsg==",
      "dependencies": [
        "tslib"
      ]
    },
    "@types/json-schema@7.0.15": {
      "integrity": "sha512-5+fP8P8MFNC+AyZCDxrB2pkZFPGzqQWUzpSeuuVLvm8VMcorNYavBqoFcxK8bQz4Qsbn4oUEEem4wDLfcysGHA=="
    },
    "@types/node@25.0.3": {
      "integrity": "sha512-W609buLVRVmeW693xKfzHeIV6nJGGz98uCPfeXI1ELMLXVeKYZ9m15fAMSaUPBHYLGFsVRcMmSCksQOrZV9BYA==",
      "dependencies": [
        "undici-types"
      ]
    },
    "arkenv@0.8.3_arktype@2.1.29": {
      "integrity": "sha512-fndPYpIZ/EvARTXabWG5H+gKxlJEbPgTRvXH8htimmCbdBfEXZsSOgObwdiCCCcBz33tJAYk88goDtj0Ao99NA==",
      "dependencies": [
        "arktype"
      ]
    },
    "arkregex@0.0.5": {
      "integrity": "sha512-ncYjBdLlh5/QnVsAA8De16Tc9EqmYM7y/WU9j+236KcyYNUXogpz3sC4ATIZYzzLxwI+0sEOaQLEmLmRleaEXw==",
      "dependencies": [
        "@ark/util"
      ]
    },
    "arktype@2.1.29": {
      "integrity": "sha512-jyfKk4xIOzvYNayqnD8ZJQqOwcrTOUbIU4293yrzAjA3O1dWh61j71ArMQ6tS/u4pD7vabSPe7nG3RCyoXW6RQ==",
      "dependencies": [
        "@ark/schema",
        "@ark/util",
        "arkregex"
      ]
    },
    "hono-openapi@1.1.2_@standard-community+standard-json@0.3.5__@standard-schema+spec@1.1.0__@types+json-schema@7.0.15__arktype@2.1.29__quansync@0.2.11_@standard-community+standard-openapi@0.2.9__@standard-community+standard-json@0.3.5___@standard-schema+spec@1.1.0___@types+json-schema@7.0.15___arktype@2.1.29___quansync@0.2.11__@standard-schema+spec@1.1.0__arktype@2.1.29__openapi-types@12.1.3__@types+json-schema@7.0.15_@types+json-schema@7.0.15_openapi-types@12.1.3_arktype@2.1.29": {
      "integrity": "sha512-toUcO60MftRBxqcVyxsHNYs2m4vf4xkQaiARAucQx3TiBPDtMNNkoh+C4I1vAretQZiGyaLOZNWn1YxfSyUA5g==",
      "dependencies": [
        "@standard-community/standard-json",
        "@standard-community/standard-openapi",
        "@types/json-schema",
        "openapi-types"
      ]
    },
    "nanoid@5.1.6": {
      "integrity": "sha512-c7+7RQ+dMB5dPwwCp4ee1/iV/q2P6aK1mTZcfr1BTuVlyW9hJYiMPybJCcnBlQtuSmTIWNeazm/zqNoZSSElBg==",
      "bin": true
    },
    "openapi-types@12.1.3": {
      "integrity": "sha512-N4YtSYJqghVu4iek2ZUvcN/0aqH1kRDuNqzcycDxhOUpg7GdvLa2F3DgS6yBNhInhv2r/6I0Flkn7CqL8+nIcw=="
    },
    "quansync@0.2.11": {
      "integrity": "sha512-AifT7QEbW9Nri4tAwR5M/uzpBuqfZf+zwaEM/QkzEjj7NBuFD2rBuy0K3dE+8wltbezDV7JMA0WfnCPYRSYbXA=="
    },
    "rolldown@1.0.0-beta.59": {
      "integrity": "sha512-Slm000Gd8/AO9z4Kxl4r8mp/iakrbAuJ1L+7ddpkNxgQ+Vf37WPvY63l3oeyZcfuPD1DRrUYBsRPIXSOhvOsmw==",
      "dependencies": [
        "@oxc-project/types",
        "@rolldown/pluginutils"
      ],
      "optionalDependencies": [
        "@rolldown/binding-android-arm64",
        "@rolldown/binding-darwin-arm64",
        "@rolldown/binding-darwin-x64",
        "@rolldown/binding-freebsd-x64",
        "@rolldown/binding-linux-arm-gnueabihf",
        "@rolldown/binding-linux-arm64-gnu",
        "@rolldown/binding-linux-arm64-musl",
        "@rolldown/binding-linux-x64-gnu",
        "@rolldown/binding-linux-x64-musl",
        "@rolldown/binding-openharmony-arm64",
        "@rolldown/binding-wasm32-wasi",
        "@rolldown/binding-win32-arm64-msvc",
        "@rolldown/binding-win32-x64-msvc"
      ],
      "bin": true
    },
    "tslib@2.8.1": {
      "integrity": "sha512-oJFu94HQb+KVduSUQL7wnpmqnfmLsOA/nAh6b6EH0wCEoK0/mPeXU6c3wKDV83MkOuHPRHtSXKKU99IBazS/2w=="
    },
    "undici-types@7.16.0": {
      "integrity": "sha512-Zz+aZWSj8LE6zoxD+xrjh4VfkIG8Ya6LvYkZqtUQGJPZjYl53ypCaUwWqo7eI0x66KBGeRo+mlBEkMSeSZ38Nw=="
    }
  },
  "workspace": {
    "packageJson": {
      "dependencies": [
        "npm:@biomejs/biome@2.3.11",
        "npm:@jsr/hono__hono@^4.11.3",
        "npm:@jsr/hono__standard-validator@~0.2.1",
        "npm:@jsr/std__assert@^1.0.16",
        "npm:@jsr/std__async@^1.0.16",
        "npm:@jsr/std__cache@~0.2.1",
        "npm:@jsr/std__collections@^1.1.3",
        "npm:@jsr/std__crypto@^1.0.5",
        "npm:@jsr/std__dotenv@~0.225.6",
        "npm:@jsr/std__encoding@^1.0.10",
        "npm:@jsr/std__fmt@^1.0.8",
        "npm:@jsr/std__fs@^1.0.21",
        "npm:@jsr/std__streams@^1.0.16",
        "npm:@jsr/std__ulid@1",
        "npm:@types/node@^25.0.3",
        "npm:arkenv@~0.8.3",
        "npm:arktype@^2.1.29",
        "npm:hono-openapi@^1.1.2",
        "npm:nanoid@^5.1.6",
        "npm:rolldown@1.0.0-beta.59"
      ]
    }
  }
}
