{
  "version": "5",
  "specifiers": {
    "jsr:@deno/loader@0.5": "0.5.0",
    "jsr:@sitnik/nanoid@^6.0.1": "6.0.1",
    "jsr:@std/assert@^1.0.19": "1.0.19",
    "jsr:@std/async@^1.5.1": "1.5.1",
    "jsr:@std/cache@~0.2.4": "0.2.4",
    "jsr:@std/collections@^1.4.0": "1.4.0",
    "jsr:@std/data-structures@^1.1.3": "1.1.3",
    "jsr:@std/dotenv@~0.225.8": "0.225.8",
    "jsr:@std/encoding@^1.0.11": "1.0.11",
    "jsr:@std/fmt@^1.0.10": "1.0.10",
    "jsr:@std/fs@^1.0.24": "1.0.24",
    "jsr:@std/internal@^1.0.12": "1.0.14",
    "jsr:@std/internal@^1.0.14": "1.0.14",
    "jsr:@std/path@^1.1.5": "1.1.6",
    "jsr:@std/ulid@1": "1.0.0",
    "npm:@arkenv/core@~1.0.0-rc.2": "1.0.0-rc.2_arktype@2.2.3",
    "npm:@hono/standard-validator@0.4": "0.4.0_@standard-schema+spec@1.1.0_hono@4.13.9",
    "npm:@types/node@^26.6.2": "26.6.2",
    "npm:arktype@^2.2.0": "2.2.3",
    "npm:blake3-jit@^1.1.0": "1.1.0",
    "npm:hono-openapi@^1.3.3": "1.3.3_hono@4.13.9_arktype@2.2.3",
    "npm:hono@^4.13.9": "4.13.9",
    "npm:oxfmt@0.70": "0.70.0",
    "npm:oxlint-tsgolint@7": "7.0.2003",
    "npm:oxlint@^1.85.0": "1.85.0_oxlint-tsgolint@7.0.2003",
    "npm:rolldown@1.2.11": "1.2.11"
  },
  "jsr": {
    "@deno/loader@0.5.0": {
      "integrity": "a6d94408de5e6bacac404f8f6963c8b8cc278cfd1a878aa2f06b34a083d6bfee"
    },
    "@sitnik/nanoid@6.0.1": {
      "integrity": "afba1843ccc9e7e6dc9e72f0a9ed99c76518ca0ab64eea4f1e149016df4963a3"
    },
    "@std/assert@1.0.19": {
      "integrity": "eaada96ee120cb980bc47e040f82814d786fe8162ecc53c91d8df60b8755991e",
      "dependencies": [
        "jsr:@std/internal@^1.0.12"
      ]
    },
    "@std/async@1.5.1": {
      "integrity": "c82455dc70cab29a0adf3ac8075db934785bffdd3902af5afcf25d21a74cfd86",
      "dependencies": [
        "jsr:@std/data-structures"
      ]
    },
    "@std/cache@0.2.4": {
      "integrity": "3786a6961a8a851c651f6fa4c39d46e7ce9c098630689655ea53e5143eb3565b"
    },
    "@std/collections@1.4.0": {
      "integrity": "bd7f74966e11de11b1f0420b7e8cb7bb381d8af7872b738443b92050db28c9c0"
    },
    "@std/data-structures@1.1.3": {
      "integrity": "a5ec67199e79ee5b29123474d93fa9a47701ec08a4ef3bd1b623a36476306c5b"
    },
    "@std/dotenv@0.225.8": {
      "integrity": "27b8c1a9d00cbf938345a5924487c04d9b27bdd7e7bd1983f54bcf76d0a0174a"
    },
    "@std/encoding@1.0.11": {
      "integrity": "e7cef2f0b3153bccc17431e7c864a1de03a4b6d9647389c43e08aaa775d37385"
    },
    "@std/fmt@1.0.10": {
      "integrity": "90dfba288802ac6de82fb31d0917eb9e4450b9925b954d5e51fc29ac07419db5"
    },
    "@std/fs@1.0.24": {
      "integrity": "f3061b45b81673a2bece689da041df32d174be064c89eb6397fb5718d3fb7877",
      "dependencies": [
        "jsr:@std/internal@^1.0.14",
        "jsr:@std/path"
      ]
    },
    "@std/internal@1.0.14": {
      "integrity": "291516b3d4c35024d6ffbc0a9df5bf4c64116e05b50012cf846710152d2ffdf7"
    },
    "@std/path@1.1.6": {
      "integrity": "c68485c2a4dfbb5ae3cc74fae4e8c4e5d874cf8a8ed12927917235c758b46cbe",
      "dependencies": [
        "jsr:@std/internal@^1.0.14"
      ]
    },
    "@std/ulid@1.0.0": {
      "integrity": "d41c3d27a907714413649fee864b7cde8d42ee68437d22b79d5de4f81d808780"
    }
  },
  "npm": {
    "@ark/schema@0.56.2": {
      "integrity": "sha512-Qx4D2JFbBWpntiHZaTv7bGG4H/M2rigiknezKg/WVyDSaLdE4YCcWAOoFB7pjjDqHbbV2OqRfntm1nnXvwMexg==",
      "dependencies": [
        "@ark/util"
      ]
    },
    "@ark/util@0.56.2": {
      "integrity": "sha512-9kU2sUE38FZEGG7l3hamYMBieLYEJh2L1mrYD2eXpT+78EnQSV1bhjxJhnxGBMSTbtwpBSDNSK+K60WvaI/DTQ=="
    },
    "@arkenv/core@1.0.0-rc.2_arktype@2.2.3": {
      "integrity": "sha512-3KUzqWnSHXR/6PH06dA5qcBQU5OdY4u40wjUwR81nD/r5ajoe+S7/sqwa8XwpmxqbaF7YjKM9aVNbluSf8U4eg==",
      "dependencies": [
        "arktype"
      ]
    },
    "@hono/standard-validator@0.4.0_@standard-schema+spec@1.1.0_hono@4.13.9": {
      "integrity": "sha512-MxOm1asDh9j7c1D0KiWwppSbFgAQxTRO4YEhjMrJn3lF1BIcXenPdgjSGKDRfQmZdaTaMA8slQLETgVOKyJxFw==",
      "dependencies": [
        "@standard-schema/spec",
        "hono"
      ]
    },
    "@oxc-project/types@0.151.0": {
      "integrity": "sha512-J1yXrIlNDZVzE3ada310xeAw7nH8yCAyLPuUIsjKatFPmfn5bS1oW+cM+QsGOtVWd5nhSpbwZWx/rue+r5Z+PA=="
    },
    "@oxfmt/binding-android-arm-eabi@0.70.0": {
      "integrity": "sha512-Xd7YO4/T2axEj6FTLcj4Why3mTBqFMg+x24xtorT4Lb2+1g82090GH0a/4U1m0pABGYiix2bq1pqkYrmV3f0Sw==",
      "os": ["android"],
      "cpu": ["arm"]
    },
    "@oxfmt/binding-android-arm64@0.70.0": {
      "integrity": "sha512-x9rlMYyKXdgKdYyUJzGsK1ZV8P4di/J32ipzcS6Jet6p9r9UAh28neXIMtdlSaJJycdi61Z4YkcLKLpk8ueFjg==",
      "os": ["android"],
      "cpu": ["arm64"]
    },
    "@oxfmt/binding-darwin-arm64@0.70.0": {
      "integrity": "sha512-IUTUPvrBVYy7POh4stXzRdz4IVC/1QSaviCWoyenSlOhGu0X9j5K07vCTM9biLjAA2Zs31l0Rj5vvRpj9n95wA==",
      "os": ["darwin"],
      "cpu": ["arm64"]
    },
    "@oxfmt/binding-darwin-x64@0.70.0": {
      "integrity": "sha512-vw745q870oTd6J517O24asoX4/E+eK0nxYIFoedSLqgJ+nI5En7+ZS82iZSHZ69zevQrnOXiyHP01dA+t8xD8w==",
      "os": ["darwin"],
      "cpu": ["x64"]
    },
    "@oxfmt/binding-freebsd-x64@0.70.0": {
      "integrity": "sha512-NO14EgSM9dFkcg+MfGPxvsKqXYs9LKaxPrOKXpv1R0rLokGGFDcCq6dBMq18dE4wlpFOovX0UZY2uh1P30O7QA==",
      "os": ["freebsd"],
      "cpu": ["x64"]
    },
    "@oxfmt/binding-linux-arm-gnueabihf@0.70.0": {
      "integrity": "sha512-139OEhHarj9CYoJ/i9gXlPv4KLBGtLj2toseOWYFf09QwlhklaZk+wW3aOvlqoeZtuayvkoSNVWra7WJ21s3VQ==",
      "os": ["linux"],
      "cpu": ["arm"]
    },
    "@oxfmt/binding-linux-arm-musleabihf@0.70.0": {
      "integrity": "sha512-GEh2PY3IWTE0M24eNhTduountANSbWyDmMnzFSQE/nGg/bjPugbUgiGuFu+xdqcQSd/HKSwH80/F2yVVD48yhA==",
      "os": ["linux"],
      "cpu": ["arm"]
    },
    "@oxfmt/binding-linux-arm64-gnu@0.70.0": {
      "integrity": "sha512-En5i+UJmZSPxuSf47F2Hl5YOzKB0bicQLnGQkeTCMQ35cWLtbrSwACJKfiLqRZrk05DwSnsJkhBRaM3OURtIaA==",
      "os": ["linux"],
      "cpu": ["arm64"]
    },
    "@oxfmt/binding-linux-arm64-musl@0.70.0": {
      "integrity": "sha512-WWOoV5W9Im3flVwOVrWn/2DUlOF8v5vcCip+kcNuaMpulRCh6nzzt1Su2vcL2F908YJIXNV3HvegbBHuyLwKHg==",
      "os": ["linux"],
      "cpu": ["arm64"]
    },
    "@oxfmt/binding-linux-ppc64-gnu@0.70.0": {
      "integrity": "sha512-YUouneIqW+5n7aE8xx/zeZ6/utr/KH7oykcGoFyd8Uz8uh591T1oKlnoWA3BsRq/ZR42oY1w4MUYvS/0e/MQOA==",
      "os": ["linux"],
      "cpu": ["ppc64"]
    },
    "@oxfmt/binding-linux-riscv64-gnu@0.70.0": {
      "integrity": "sha512-iEnMf21S5aGVa4hViDGY8sAQ/AHyCu2JPyrQF8P06wtHhSkD1YJBeT4m/KiGewgf7+a5XCYSCRIPcRQa1xwEoQ==",
      "os": ["linux"],
      "cpu": ["riscv64"]
    },
    "@oxfmt/binding-linux-riscv64-musl@0.70.0": {
      "integrity": "sha512-91Sdniaj20fQzyMeCxMDzTP4c9s4RB8dGQ308xHhDR0n6U7+1Xq7N9klE7mfXq8iV3lRmIGSXi5X23Hn/0XX/g==",
      "os": ["linux"],
      "cpu": ["riscv64"]
    },
    "@oxfmt/binding-linux-s390x-gnu@0.70.0": {
      "integrity": "sha512-uUV30M6E+2TKKGMaKiwfeL4RZrviHXlUxsrYJ/jFBb+1EZy+pnFT+hF73eeWdzh5NqPOAnw0iiMAIqjqiLZPFg==",
      "os": ["linux"],
      "cpu": ["s390x"]
    },
    "@oxfmt/binding-linux-x64-gnu@0.70.0": {
      "integrity": "sha512-ivMcX6kNDPhqtbOaBt/ItFlLlTlXNHLgRuNmxP6Na6UuYXRT10llpJcAPbGeRgjjb3Qzv4jwPp3fB0hui50WNQ==",
      "os": ["linux"],
      "cpu": ["x64"]
    },
    "@oxfmt/binding-linux-x64-musl@0.70.0": {
      "integrity": "sha512-w+S+fERxYmlZSyZlJK/U292FjyBoH8cCEj21/tYJX6atX5kNSn+HDkhlFQKT2zcMwUW0uAtUL/bOrlwJZwqRdA==",
      "os": ["linux"],
      "cpu": ["x64"]
    },
    "@oxfmt/binding-openharmony-arm64@0.70.0": {
      "integrity": "sha512-Zlom1Xkx257R8bk4ZI4zJsrGno2opknz1+5v5baka3nn4FPyvNSdh8JUL4CdN1S1OWRMvJ9UJQ+RfIqGGCUEfA==",
      "os": ["openharmony"],
      "cpu": ["arm64"]
    },
    "@oxfmt/binding-win32-arm64-msvc@0.70.0": {
      "integrity": "sha512-FQgPW5R17vzt7cgrJ8eG/dqX00o2xHsqFeLfw4xzA9FRHpN/DjFo9YDonvIIXGxiEuS9F/jZPnGO+KHNKuCo4Q==",
      "os": ["win32"],
      "cpu": ["arm64"]
    },
    "@oxfmt/binding-win32-ia32-msvc@0.70.0": {
      "integrity": "sha512-ZfZublNhZ+XBndMiXhkiLlPE+XyGRDa0CweeTL6t1fZypfCh1LTg7e5CvnOeTBunq15MskOcRempumSPGAaCQA==",
      "os": ["win32"],
      "cpu": ["ia32"]
    },
    "@oxfmt/binding-win32-x64-msvc@0.70.0": {
      "integrity": "sha512-HlIZEn+WzLQL0DszNzldiRl/DPRCX5R0Vkt6qeUPR1YHwy52hZZo4x6HoTOVmKRP2wUiwPGtKsihNY/f8KRaBg==",
      "os": ["win32"],
      "cpu": ["x64"]
    },
    "@oxlint-tsgolint/darwin-arm64@7.0.2003": {
      "integrity": "sha512-TgV33rXr6ueXBwvc+0nssUkTBSXHJxv77I8p4RCjDjCnvexHtmoPiudVRDfj3S3puMDdeQdHW6jdUgUPy3nr/w==",
      "os": ["darwin"],
      "cpu": ["arm64"]
    },
    "@oxlint-tsgolint/darwin-x64@7.0.2003": {
      "integrity": "sha512-hY3FMAjIaPDdK3FNxyRXRfHPOFeoBn6dmnLyKZgQ2IbTTD1adXhl6PfCIqHhCPvurigv7nf7mYuWZZ19MmJzmg==",
      "os": ["darwin"],
      "cpu": ["x64"]
    },
    "@oxlint-tsgolint/linux-arm64@7.0.2003": {
      "integrity": "sha512-eAET4JpyfBbg8SO0K74o4R55tEjVC292pIyxGOw2XGf8x/HrPNyxwQ478jMYOM54FIVOHc8sJ6VRHxluy6lucw==",
      "os": ["linux"],
      "cpu": ["arm64"]
    },
    "@oxlint-tsgolint/linux-x64@7.0.2003": {
      "integrity": "sha512-GXdyO/XyqDJ3s/llR/oOktLsYNjZtWSQBy0JMc+/0gsNPvTcseKPhn9c6KcFyWmnr6H4vljYALbujonqSzzEGw==",
      "os": ["linux"],
      "cpu": ["x64"]
    },
    "@oxlint-tsgolint/win32-arm64@7.0.2003": {
      "integrity": "sha512-TWauXnPfet0VgpmrstoAK58eJ4gbuwPUuUTQmYQAzE/RG1CpnxXtrKUJULf6lyerPE4KN3gM+DflIA1hOH+38Q==",
      "os": ["win32"],
      "cpu": ["arm64"]
    },
    "@oxlint-tsgolint/win32-x64@7.0.2003": {
      "integrity": "sha512-DoRmfe7j8VqNlukp8liRVW45GQDhzRccNenjD/pdzelgtffW47pCMd1xbJLkPaPbKnTwID3onn3VZlL7JbebEA==",
      "os": ["win32"],
      "cpu": ["x64"]
    },
    "@oxlint/binding-android-arm-eabi@1.85.0": {
      "integrity": "sha512-q2KO/Zso9UT+OMn0NF9ywn4E4t0MI3yxiDhNyhsQ7DyQJrC4FhFE4TXOi4bktFnOWXTMds8qZSbpv2XwRaNOBg==",
      "os": ["android"],
      "cpu": ["arm"]
    },
    "@oxlint/binding-android-arm64@1.85.0": {
      "integrity": "sha512-SxLN3ALjoT9NNdvpjEevGeHvfzTAFrF0NBYB5tzK7/GtCKMze3j1e/m/X2ozqGj2U9hfGG/dg/OG8vpVK4PiDA==",
      "os": ["android"],
      "cpu": ["arm64"]
    },
    "@oxlint/binding-darwin-arm64@1.85.0": {
      "integrity": "sha512-Y/Sup/J4f0f9UGsSd/xyCNTeWL+gepO63GBdEDAfue9nBsnk9zMmnIXx1O6b1V8C90vB5nucYNZ0pbMXAp8zJA==",
      "os": ["darwin"],
      "cpu": ["arm64"]
    },
    "@oxlint/binding-darwin-x64@1.85.0": {
      "integrity": "sha512-ApOSNC04ynpDTwvBD+//0wyfODRSbEzvRoKpX8teffmc27z8AockwSNeMXGJXn5KP85eahDgR/2llICWLkzcnw==",
      "os": ["darwin"],
      "cpu": ["x64"]
    },
    "@oxlint/binding-freebsd-x64@1.85.0": {
      "integrity": "sha512-bNrVrCOA/kHky3Tu79IXWXe5bhIgLXfUuUEDHlAGOHUk96MkvDZ1ecaQF19rwstrnaqfP1o9nBTqzIr9+ZHkUg==",
      "os": ["freebsd"],
      "cpu": ["x64"]
    },
    "@oxlint/binding-linux-arm-gnueabihf@1.85.0": {
      "integrity": "sha512-NUrzOJ1s/EqsVvfn2L/1D8Wro2LPIZUbihL8kOJLh5fEdGEN3rdOGUYq3HwnUIL8sjpoP+4N6RaGrgmMJnaMPw==",
      "os": ["linux"],
      "cpu": ["arm"]
    },
    "@oxlint/binding-linux-arm-musleabihf@1.85.0": {
      "integrity": "sha512-UJXrAT3E/RWkEqXLIs2ehETja1qfgkPb+5gwLIIS+o/6cf+grHvoOXTa5997a/YNQfcJS0DRBTOfZt95cvOI1g==",
      "os": ["linux"],
      "cpu": ["arm"]
    },
    "@oxlint/binding-linux-arm64-gnu@1.85.0": {
      "integrity": "sha512-lK40QLjI0HxigO7CjDDshEtfYIeiYS0020v5BHFPqN4uuQBQxd2K9LNom2dW15o9F1937quSCRVp4ZsVhdbYdg==",
      "os": ["linux"],
      "cpu": ["arm64"]
    },
    "@oxlint/binding-linux-arm64-musl@1.85.0": {
      "integrity": "sha512-c2zbdBwGKreHXwRx3gWBuFGJxLhxgsg6YlZ+3H+RgRusU/UEV9jNwJ3HGYK+nRo0LvBa7mt6Kj86xoVotUo8cw==",
      "os": ["linux"],
      "cpu": ["arm64"]
    },
    "@oxlint/binding-linux-ppc64-gnu@1.85.0": {
      "integrity": "sha512-tlt/Hy8lZ97/lCPmCgw/B3k/mwh+BzaIPbPkldZEly7TwLmx0xe2CQcaW2g/rR0dOgS9JNGCZsMEqLhUNMGvaw==",
      "os": ["linux"],
      "cpu": ["ppc64"]
    },
    "@oxlint/binding-linux-riscv64-gnu@1.85.0": {
      "integrity": "sha512-3tNR9Xey82X0zKuY1d8hJ6Rc9gwRDurmqGLnQZa5xqOXy8/YyiqFXjAtugkKLY82obOlpK1eSiDRlgcNPuxtIg==",
      "os": ["linux"],
      "cpu": ["riscv64"]
    },
    "@oxlint/binding-linux-riscv64-musl@1.85.0": {
      "integrity": "sha512-wbGRd5PqCcjkJFHhZuZ2OBSUQY9czlQsoA/cQQB9JK/L9mC5MQgGoKAh+xd8QjA5V+0D3j+Qd1lAWn1I8zlelA==",
      "os": ["linux"],
      "cpu": ["riscv64"]
    },
    "@oxlint/binding-linux-s390x-gnu@1.85.0": {
      "integrity": "sha512-3Sn0kSrE4DPZCWV/8o+n4x3aFZxI9ulMnkYlwCbJ8eUVkwRK2IerohE/A/z3SNbCwoPFOCJmGE5Avrq0rrvdvQ==",
      "os": ["linux"],
      "cpu": ["s390x"]
    },
    "@oxlint/binding-linux-x64-gnu@1.85.0": {
      "integrity": "sha512-JY2pxxYfB62bAGfejljVCqc44etItehPuAyaeSAdMuEMtwNA00ggMnS66lC1oIhos6oOXUkuU6mZ9bpFh3BqWg==",
      "os": ["linux"],
      "cpu": ["x64"]
    },
    "@oxlint/binding-linux-x64-musl@1.85.0": {
      "integrity": "sha512-5k74vZ6qJBjBHEOlBk9B/iv68Yu0F1Afw/vvT2ar6OGCqEeXLaSjXz2n/IPCbhLG22UoKoYEJTzpYraRdcp6PA==",
      "os": ["linux"],
      "cpu": ["x64"]
    },
    "@oxlint/binding-openharmony-arm64@1.85.0": {
      "integrity": "sha512-GbAl5qt5TCkPLXTaIISZJnugrcBhra6rodcXc9jYt620UtdsTt71NlNmJmm0frxzFpd54x/G+MkitEJA8I/BoA==",
      "os": ["openharmony"],
      "cpu": ["arm64"]
    },
    "@oxlint/binding-win32-arm64-msvc@1.85.0": {
      "integrity": "sha512-kjmws5MK0et2swk4ND85D7NVQyDHw162i6whtZDLUA/lo6FQyBZDcmMRCMcVZcNrAhIaftVb00x9ChGDOjjNJA==",
      "os": ["win32"],
      "cpu": ["arm64"]
    },
    "@oxlint/binding-win32-ia32-msvc@1.85.0": {
      "integrity": "sha512-eSsIJx9n4yxvOqYTZyPEMyEXRmE60XH7xGAU7i0Qbsn1lf6Za3CWJ9aRd82oSFKXaxhp+sA6/yMJVRIpLpna6A==",
      "os": ["win32"],
      "cpu": ["ia32"]
    },
    "@oxlint/binding-win32-x64-msvc@1.85.0": {
      "integrity": "sha512-pBebIPUpKKhWrhSMWhy8TdAZBewiXnfxmaAGxhzxM1068GagqFaTwgKlU6e+UyJ2sPR+VoHouhXuGJkQjsrDvA==",
      "os": ["win32"],
      "cpu": ["x64"]
    },
    "@rolldown/binding-android-arm-eabi@1.2.11": {
      "integrity": "sha512-A5kXfGKvKWWZE0TtPrfsvT+q4Y5d1QG8gGUzpYjGydM+fARM9MuX90PrXYXe0XbsDVgyxxNzHo6giCj90bsFNw==",
      "os": ["android"],
      "cpu": ["arm"]
    },
    "@rolldown/binding-android-arm64@1.2.11": {
      "integrity": "sha512-z6cTycz+iJ4PVkuL4HHW4DfTfoeU/2nqYYuSOrTmH7yHK5Y0LCOnA03V4ZNxavyVaU1oOqUgIg2klN/s+USGOA==",
      "os": ["android"],
      "cpu": ["arm64"]
    },
    "@rolldown/binding-darwin-arm64@1.2.11": {
      "integrity": "sha512-jShvqNtP6vDC6/A5JOAzbVV+DkgHqhl/ScVCJEbt+TUY6QYz7YnXcrg3sLtFBniro0f/Ld50ZwCWA6f7KYD1nQ==",
      "os": ["darwin"],
      "cpu": ["arm64"]
    },
    "@rolldown/binding-darwin-x64@1.2.11": {
      "integrity": "sha512-f2i2xiNWq1Z1l2++q2fuhZRdLAT3aqxD6vRNm1RAxpUoBcdqNB3C0s1Bt+K+PbEx2F5F4gQp6hqKkphCY/xF9w==",
      "os": ["darwin"],
      "cpu": ["x64"]
    },
    "@rolldown/binding-freebsd-x64@1.2.11": {
      "integrity": "sha512-4Ir5FSOKIAMr4r0kExpt1s3bMgzJU3rA45AYOHtQpls0oNeqcYBKrWMlckrYH4KCfGLfkfn1tN1dmZPMVsdXow==",
      "os": ["freebsd"],
      "cpu": ["x64"]
    },
    "@rolldown/binding-linux-arm-gnueabihf@1.2.11": {
      "integrity": "sha512-/gnRDM+39BROzAN/k1OZjDPnDMcZxB/0EUxKjONO5yVkNEvlsoMDrxGNKgZi/ttFriS2gwlDNzB65pvNbFOXIQ==",
      "os": ["linux"],
      "cpu": ["arm"]
    },
    "@rolldown/binding-linux-arm64-gnu@1.2.11": {
      "integrity": "sha512-PFaK8HwvAHbaKbBcDNQihjMKYvFnA5hiENx/l5tphTDz1E0WFp32l0A7aq7lyUwGsRw/xSrNIy/gIK4thrSCrw==",
      "os": ["linux"],
      "cpu": ["arm64"]
    },
    "@rolldown/binding-linux-arm64-musl@1.2.11": {
      "integrity": "sha512-AskzJUIKRLPxkruR1wLKewGbOw+EYfU/9lOrBFj4AFrEA8hPpKFnODWNu2WLaNs0QNkEb9QIJufmVZZIL/bJlg==",
      "os": ["linux"],
      "cpu": ["arm64"]
    },
    "@rolldown/binding-linux-ppc64-gnu@1.2.11": {
      "integrity": "sha512-qlUGAheh2yh8afH7QBgx0PrRHN85hKnNd78x8MeMhXivuevgd8vgf6/CstOzmNKY/lLTHvNTrPy98cLnAugzJw==",
      "os": ["linux"],
      "cpu": ["ppc64"]
    },
    "@rolldown/binding-linux-s390x-gnu@1.2.11": {
      "integrity": "sha512-secpEad+0vCbSfn8upFySkDskv+bGPk3THSDS9Y89yc4rb4kzqHp8Dmyd9BkQW4SnhNXBZCl/6CrO//hZahNJQ==",
      "os": ["linux"],
      "cpu": ["s390x"]
    },
    "@rolldown/binding-linux-x64-gnu@1.2.11": {
      "integrity": "sha512-mOVBT3dPpkWm8XBWPmU4bf+U6dYDLeMo/9ojUmis4N0L5uu10qra5vOyngZ7/PSdoE4G9KvRt4bloRxNjLas7A==",
      "os": ["linux"],
      "cpu": ["x64"]
    },
    "@rolldown/binding-linux-x64-musl@1.2.11": {
      "integrity": "sha512-Is78i9A8Ui4SqcxUwFJ9uMmjDn58IbVTjFWYdQestFEgeuEmHMLGNriXnVJKkwG2YiZjw8cP0zCTyDMdDGtOOg==",
      "os": ["linux"],
      "cpu": ["x64"]
    },
    "@rolldown/binding-openharmony-arm64@1.2.11": {
      "integrity": "sha512-dUCXneZ87INUMyQ0D+C0HrEBNUPNXHaPmU5GTjyKTJEiussw9Kaj5Ln8UztPe4epV/ffvgNBEadksdYhmW6xJA==",
      "os": ["openharmony"],
      "cpu": ["arm64"]
    },
    "@rolldown/binding-win32-arm64-msvc@1.2.11": {
      "integrity": "sha512-jByxb6qfd+bH1xUd0qnfFnb17i9sWBPY2tOavJ0l3tdr3OTu+Kvtm8cd/JV5nFt657b1VqGltxg9olOEfofXWw==",
      "os": ["win32"],
      "cpu": ["arm64"]
    },
    "@rolldown/binding-win32-x64-msvc@1.2.11": {
      "integrity": "sha512-/PzKqzAJ03i19oy2ItPvyvaVjOjBCNnfaJs8yvUdGBKmiESgnrJSQ2awd81QzFbbnAmu7YO9ZnJrDCb9VSJPRA==",
      "os": ["win32"],
      "cpu": ["x64"]
    },
    "@rolldown/pluginutils@1.0.1": {
      "integrity": "sha512-2j9bGt5Jh8hj+vPtgzPtl72j0yRxHAyumoo6TNfAjsLB04UtpSvPbPcDcBMxz7n+9CYB0c1GxQFxYRg2jimqGw=="
    },
    "@standard-community/standard-json@0.3.6_@standard-schema+spec@1.1.0_@types+json-schema@7.0.15_arktype@2.2.3": {
      "integrity": "sha512-tuXKz1Ps4al0W4xhfwii7v4lskKtOv3QE7mcouRVThrBdOR6JzY4Vea3nsxcEnte84bOJvMvXGmOMWE3IBbHyA==",
      "dependencies": [
        "@standard-schema/spec",
        "@types/json-schema",
        "arktype",
        "quansync"
      ],
      "optionalPeers": [
        "arktype"
      ]
    },
    "@standard-community/standard-openapi@0.2.10_@standard-community+standard-json@0.3.6_@standard-schema+spec@1.1.0_arktype@2.2.3_openapi-types@12.1.3_@types+json-schema@7.0.15": {
      "integrity": "sha512-whaCN9eu5zv5gu6Kyeh5am/S3AyS1nqo57/wAxs/KPS7+94UhBUZmkIetmXzm22qIV0zMrHt3y+2VfjkbkYYTA==",
      "dependencies": [
        "@standard-community/standard-json",
        "@standard-schema/spec",
        "arktype",
        "openapi-types"
      ],
      "optionalPeers": [
        "arktype"
      ]
    },
    "@standard-schema/spec@1.1.0": {
      "integrity": "sha512-l2aFy5jALhniG5HgqrD6jXLi/rUWrKvqN/qJx6yoJsgKhblVd+iqqU4RCXavm/jPityDo5TCvKMnpjKnOriy0w=="
    },
    "@types/json-schema@7.0.15": {
      "integrity": "sha512-5+fP8P8MFNC+AyZCDxrB2pkZFPGzqQWUzpSeuuVLvm8VMcorNYavBqoFcxK8bQz4Qsbn4oUEEem4wDLfcysGHA=="
    },
    "@types/node@26.6.2": {
      "integrity": "sha512-X1P21scMv4zGKLYqjdGjaKa7COa0RKVYYZZN/NfvLQ1JegxFhdhpZG/Lyn8AXx6CDUavKAd11v6BvfpkDByK8g==",
      "dependencies": [
        "undici-types"
      ]
    },
    "arkregex@0.0.8": {
      "integrity": "sha512-PJcx6G1kQTgLKPUbeYlYecDRaKq15AMSGVajlKFYWlPeJRQL+j3dKE6tyMs40HZ99djS1l9Vhl3ezAHy9JBIqQ==",
      "dependencies": [
        "@ark/util"
      ]
    },
    "arktype@2.2.3": {
      "integrity": "sha512-7W+0RLTUNJiBFIIZXwOQxSR8Z273IAd6IvqBeG9+gHnQKFsIx2C0iOtGTmMrPnlX4qLXyc5+ll7A0BIj9WrbTg==",
      "dependencies": [
        "@ark/schema",
        "@ark/util",
        "arkregex"
      ]
    },
    "blake3-jit@1.1.0": {
      "integrity": "sha512-5lNvUdIw2roA6LSV39E1mDXN8WVK8kC0dGZtaZoErkVktSgUjgRueTv4WVqHIUMHGerkfhxBuqFtMNuo/GdLrA=="
    },
    "hono-openapi@1.3.3_hono@4.13.9_arktype@2.2.3": {
      "integrity": "sha512-+LVFPQEc4eDrXr/Rd0QQkRh/DbEZRXnm1RZU4bVaoqmWiWgspT4nNHIQMgi44X+D9/8k1eGzHvR0KLNPJ/0xaQ==",
      "dependencies": [
        "@hono/standard-validator",
        "@standard-community/standard-json",
        "@standard-community/standard-openapi",
        "@standard-schema/spec",
        "@types/json-schema",
        "hono",
        "openapi-types"
      ]
    },
    "hono@4.13.9": {
      "integrity": "sha512-7dMkQmZoC4E6F7AtaQSPhlWAdnBti+j7rreMZl8QB4jFiEhP9TWbGWUMi8WYzBCgmgulxuvLQupKqo+Co6Omyg=="
    },
    "openapi-types@12.1.3": {
      "integrity": "sha512-N4YtSYJqghVu4iek2ZUvcN/0aqH1kRDuNqzcycDxhOUpg7GdvLa2F3DgS6yBNhInhv2r/6I0Flkn7CqL8+nIcw=="
    },
    "oxfmt@0.70.0": {
      "integrity": "sha512-IsHxZ4y0wQLLMhnrJblBJgZsLDzfULrJnAw5j/QqsTlMa/m3AqsbToi+W71uhBGaqlqq/PbbjvHc09TJwdv3Tw==",
      "dependencies": [
        "tinypool"
      ],
      "optionalDependencies": [
        "@oxfmt/binding-android-arm-eabi",
        "@oxfmt/binding-android-arm64",
        "@oxfmt/binding-darwin-arm64",
        "@oxfmt/binding-darwin-x64",
        "@oxfmt/binding-freebsd-x64",
        "@oxfmt/binding-linux-arm-gnueabihf",
        "@oxfmt/binding-linux-arm-musleabihf",
        "@oxfmt/binding-linux-arm64-gnu",
        "@oxfmt/binding-linux-arm64-musl",
        "@oxfmt/binding-linux-ppc64-gnu",
        "@oxfmt/binding-linux-riscv64-gnu",
        "@oxfmt/binding-linux-riscv64-musl",
        "@oxfmt/binding-linux-s390x-gnu",
        "@oxfmt/binding-linux-x64-gnu",
        "@oxfmt/binding-linux-x64-musl",
        "@oxfmt/binding-openharmony-arm64",
        "@oxfmt/binding-win32-arm64-msvc",
        "@oxfmt/binding-win32-ia32-msvc",
        "@oxfmt/binding-win32-x64-msvc"
      ],
      "bin": true
    },
    "oxlint-tsgolint@7.0.2003": {
      "integrity": "sha512-VnK4zlqgmgq/7ZcjzCk/WpN8kKFsYGcB85Io9qT3wL4K8Un3RKmJkp793crNETieMusPMKOA4a+Mw2wbteI6TQ==",
      "optionalDependencies": [
        "@oxlint-tsgolint/darwin-arm64",
        "@oxlint-tsgolint/darwin-x64",
        "@oxlint-tsgolint/linux-arm64",
        "@oxlint-tsgolint/linux-x64",
        "@oxlint-tsgolint/win32-arm64",
        "@oxlint-tsgolint/win32-x64"
      ],
      "bin": true
    },
    "oxlint@1.85.0_oxlint-tsgolint@7.0.2003": {
      "integrity": "sha512-bc26s97nuvPj1ViyPsqmKecVkUWFMEdtayO8MaQ6oiLfs1pj94cQlZZhrh4BPNlr9HQosjhIlwgZKsfcwmcNgg==",
      "dependencies": [
        "oxlint-tsgolint"
      ],
      "optionalDependencies": [
        "@oxlint/binding-android-arm-eabi",
        "@oxlint/binding-android-arm64",
        "@oxlint/binding-darwin-arm64",
        "@oxlint/binding-darwin-x64",
        "@oxlint/binding-freebsd-x64",
        "@oxlint/binding-linux-arm-gnueabihf",
        "@oxlint/binding-linux-arm-musleabihf",
        "@oxlint/binding-linux-arm64-gnu",
        "@oxlint/binding-linux-arm64-musl",
        "@oxlint/binding-linux-ppc64-gnu",
        "@oxlint/binding-linux-riscv64-gnu",
        "@oxlint/binding-linux-riscv64-musl",
        "@oxlint/binding-linux-s390x-gnu",
        "@oxlint/binding-linux-x64-gnu",
        "@oxlint/binding-linux-x64-musl",
        "@oxlint/binding-openharmony-arm64",
        "@oxlint/binding-win32-arm64-msvc",
        "@oxlint/binding-win32-ia32-msvc",
        "@oxlint/binding-win32-x64-msvc"
      ],
      "optionalPeers": [
        "oxlint-tsgolint"
      ],
      "bin": true
    },
    "quansync@0.2.11": {
      "integrity": "sha512-AifT7QEbW9Nri4tAwR5M/uzpBuqfZf+zwaEM/QkzEjj7NBuFD2rBuy0K3dE+8wltbezDV7JMA0WfnCPYRSYbXA=="
    },
    "rolldown@1.2.11": {
      "integrity": "sha512-qpSwIyz0jHQq5qXBTNxFmE6664rJ7O+4TvPFOiOaBSrz8IOHc1koKKSqTM2H6u1UG1+TveuC6vaDHKXFOvb1Kw==",
      "dependencies": [
        "@oxc-project/types",
        "@rolldown/pluginutils"
      ],
      "optionalDependencies": [
        "@rolldown/binding-android-arm-eabi",
        "@rolldown/binding-android-arm64",
        "@rolldown/binding-darwin-arm64",
        "@rolldown/binding-darwin-x64",
        "@rolldown/binding-freebsd-x64",
        "@rolldown/binding-linux-arm-gnueabihf",
        "@rolldown/binding-linux-arm64-gnu",
        "@rolldown/binding-linux-arm64-musl",
        "@rolldown/binding-linux-ppc64-gnu",
        "@rolldown/binding-linux-s390x-gnu",
        "@rolldown/binding-linux-x64-gnu",
        "@rolldown/binding-linux-x64-musl",
        "@rolldown/binding-openharmony-arm64",
        "@rolldown/binding-win32-arm64-msvc",
        "@rolldown/binding-win32-x64-msvc"
      ],
      "bin": true
    },
    "tinypool@2.1.2": {
      "integrity": "sha512-9YodfrxS9g9IbFr/KOjE5bAeJ0p61n3bW6mqvy0jtoeKd1kTW1Cxm0oulm6KX2lyM9Gl6WIe8nEbY7LWv5ZJww=="
    },
    "undici-types@8.9.0": {
      "integrity": "sha512-KTDyRTYX8sWmKXAikPHHSyc63CRPETMctyjKFupcC6OBLXT3xsN0e9aF7m+mIXutFWpUXuedtowG7iLOzp0kQg=="
    }
  },
  "workspace": {
    "dependencies": [
      "jsr:@deno/loader@0.5",
      "jsr:@sitnik/nanoid@^6.0.1",
      "jsr:@std/assert@^1.0.19",
      "jsr:@std/async@^1.5.1",
      "jsr:@std/cache@~0.2.4",
      "jsr:@std/collections@^1.4.0",
      "jsr:@std/dotenv@~0.225.8",
      "jsr:@std/encoding@^1.0.11",
      "jsr:@std/fmt@^1.0.10",
      "jsr:@std/fs@^1.0.24",
      "jsr:@std/ulid@1",
      "npm:@arkenv/core@~1.0.0-rc.2",
      "npm:@hono/standard-validator@0.4",
      "npm:@types/node@^26.6.2",
      "npm:arktype@^2.2.0",
      "npm:blake3-jit@^1.1.0",
      "npm:hono-openapi@^1.3.3",
      "npm:hono@^4.13.9",
      "npm:oxfmt@0.70",
      "npm:oxlint-tsgolint@7",
      "npm:oxlint@^1.85.0",
      "npm:rolldown@1.2.11"
    ]
  }
}
