lockfileVersion: '6.0'

settings:
  autoInstallPeers: true
  excludeLinksFromLockfile: false

dependencies:
  '@elysiajs/cors':
    specifier: ^0.8.0
    version: 0.8.0(elysia@0.8.8)
  '@elysiajs/swagger':
    specifier: ^0.8.3
    version: 0.8.3(elysia@0.8.8)
  '@protobuf-ts/plugin':
    specifier: ^2.9.3
    version: 2.9.3
  '@protobuf-ts/protoc':
    specifier: ^2.9.3
    version: 2.9.3
  '@protobuf-ts/runtime':
    specifier: ^2.9.3
    version: 2.9.3
  elysia:
    specifier: ^0.8.8
    version: 0.8.8
  typescript:
    specifier: ^5.0.0
    version: 5.3.3

devDependencies:
  '@types/bun':
    specifier: latest
    version: 1.0.0
  prettier:
    specifier: ^3.1.1
    version: 3.1.1

packages:

  /@elysiajs/cors@0.8.0(elysia@0.8.8):
    resolution: {integrity: sha512-NADcOsokALRv4nljA5DYJPJdIJ7iwq+ouV5lH5W+hLgZRMYsfbKShg82QSmxd7BJQFuGSv2dIIF2dfG9ieUyng==}
    peerDependencies:
      elysia: '>= 0.8.0'
    dependencies:
      elysia: 0.8.8
    dev: false

  /@elysiajs/swagger@0.8.3(elysia@0.8.8):
    resolution: {integrity: sha512-52m+l3aLs6oGTUSgzS+kgcQY62B5uW3FjDkxybLiqU4/zUfuo8hBlpibyfYcmDsHel6eEBDoJuhbXDpBxoBHWQ==}
    peerDependencies:
      elysia: '>= 0.8.0'
    dependencies:
      elysia: 0.8.8
      lodash.clonedeep: 4.5.0
      openapi-types: 12.1.3
    dev: false

  /@protobuf-ts/plugin-framework@2.9.3:
    resolution: {integrity: sha512-iqdkhAu7fGPvBCVOoAEEFJ1/oaGIBoNIMgSv2WonTNJVHxv5FvvAfWFn6nG/eta34fHRZT38ZXTaYcMUkv8AiQ==}
    dependencies:
      '@protobuf-ts/runtime': 2.9.3
      typescript: 3.9.10
    dev: false

  /@protobuf-ts/plugin@2.9.3:
    resolution: {integrity: sha512-tHYACv+nnIV2eoiMxeZhrgMqGiUktzUzrhfgnROg/rr8TecPLp9v5/yqNibN+bad5k7d57aqlTuQKhFl+J4W/g==}
    hasBin: true
    dependencies:
      '@protobuf-ts/plugin-framework': 2.9.3
      '@protobuf-ts/protoc': 2.9.3
      '@protobuf-ts/runtime': 2.9.3
      '@protobuf-ts/runtime-rpc': 2.9.3
      typescript: 3.9.10
    dev: false

  /@protobuf-ts/protoc@2.9.3:
    resolution: {integrity: sha512-TJ0Ycx/CIBqpB4wpKt6K05kjXj6zv36s/qpdCT/wdJBhpayOVBqLF5NpLp3WIiw1PmIxvqalB6QHKjvnLzGKLA==}
    hasBin: true
    dev: false

  /@protobuf-ts/runtime-rpc@2.9.3:
    resolution: {integrity: sha512-WelHpctvZeG8yhbb7tnsrLzotq9xjMCXuGuhJ8qMyEdNoBBEodbXseofAYFTebo2/PN2LzyEq3X6vwr5f8jqTA==}
    dependencies:
      '@protobuf-ts/runtime': 2.9.3
    dev: false

  /@protobuf-ts/runtime@2.9.3:
    resolution: {integrity: sha512-nivzCpg/qYD0RX2OmHOahJALb8ndjGmUhNBcTJ0BbXoqKwCSM6vYA+vegzS3rhuaPgbyC7Ec8idlnizzUfIRuw==}
    dev: false

  /@types/bun@1.0.0:
    resolution: {integrity: sha512-TPI/aImv/fSo0SWlt29wq0tWRqQOWsC4FOXYeUK0Ni6tAS+FqJZ2p7QCGY4hmHaHQeE2KhKJ6Qn9k3kvFfXD3Q==}
    dependencies:
      bun-types: 1.0.18
    dev: true

  /bun-types@1.0.18:
    resolution: {integrity: sha512-1XZ7AxOF8oO8FZtw1xj006JAKxEjulK3dUhsktZVN95vXBlsf4NIjQxfistVdpt24v3H2I9BwHp+UU+gXSSpAw==}
    dev: true

  /cookie@0.6.0:
    resolution: {integrity: sha512-U71cyTamuh1CRNCfpGY6to28lxvNwPG4Guz/EVjgf3Jmzv0vlDp1atT9eS5dDjMYHucpHbWns6Lwf3BKz6svdw==}
    engines: {node: '>= 0.6'}
    dev: false

  /elysia@0.8.8:
    resolution: {integrity: sha512-uHbq45CZ/NJfGc7IFT+dyuQnmcmOE9XLpZAGuppKgPItotN7GWdJCKEvs0zyLuMc/8EVykQzqaDhi0ZSZpmQLA==}
    peerDependencies:
      '@sinclair/typebox': '>= 0.31.0'
      openapi-types: '>= 12.0.0'
      typescript: '>= 5.0.0'
    peerDependenciesMeta:
      '@sinclair/typebox':
        optional: true
      openapi-types:
        optional: true
      typescript:
        optional: true
    dependencies:
      cookie: 0.6.0
      eventemitter3: 5.0.1
      fast-decode-uri-component: 1.0.1
      fast-querystring: 1.1.2
      memoirist: 0.1.4
    dev: false

  /eventemitter3@5.0.1:
    resolution: {integrity: sha512-GWkBvjiSZK87ELrYOSESUYeVIc9mvLLf/nXalMOS5dYrgZq9o5OVkbZAVM06CVxYsCwH9BDZFPlQTlPA1j4ahA==}
    dev: false

  /fast-decode-uri-component@1.0.1:
    resolution: {integrity: sha512-WKgKWg5eUxvRZGwW8FvfbaH7AXSh2cL+3j5fMGzUMCxWBJ3dV3a7Wz8y2f/uQ0e3B6WmodD3oS54jTQ9HVTIIg==}
    dev: false

  /fast-querystring@1.1.2:
    resolution: {integrity: sha512-g6KuKWmFXc0fID8WWH0jit4g0AGBoJhCkJMb1RmbsSEUNvQ+ZC8D6CUZ+GtF8nMzSPXnhiePyyqqipzNNEnHjg==}
    dependencies:
      fast-decode-uri-component: 1.0.1
    dev: false

  /lodash.clonedeep@4.5.0:
    resolution: {integrity: sha512-H5ZhCF25riFd9uB5UCkVKo61m3S/xZk1x4wA6yp/L3RFP6Z/eHH1ymQcGLo7J3GMPfm0V/7m1tryHuGVxpqEBQ==}
    dev: false

  /memoirist@0.1.4:
    resolution: {integrity: sha512-D6GbPSqO2nUVOmm7VZjJc5tC60pkOVUPzLwkKl1vCiYP+2b1cG8N9q1O3P0JmNM68u8vsgefPbxRUCSGxSXD+g==}
    dev: false

  /openapi-types@12.1.3:
    resolution: {integrity: sha512-N4YtSYJqghVu4iek2ZUvcN/0aqH1kRDuNqzcycDxhOUpg7GdvLa2F3DgS6yBNhInhv2r/6I0Flkn7CqL8+nIcw==}
    dev: false

  /prettier@3.1.1:
    resolution: {integrity: sha512-22UbSzg8luF4UuZtzgiUOfcGM8s4tjBv6dJRT7j275NXsy2jb4aJa4NNveul5x4eqlF1wuhuR2RElK71RvmVaw==}
    engines: {node: '>=14'}
    hasBin: true
    dev: true

  /typescript@3.9.10:
    resolution: {integrity: sha512-w6fIxVE/H1PkLKcCPsFqKE7Kv7QUwhU8qQY2MueZXWx5cPZdwFupLgKK3vntcK98BtNHZtAF4LA/yl2a7k8R6Q==}
    engines: {node: '>=4.2.0'}
    hasBin: true
    dev: false

  /typescript@5.3.3:
    resolution: {integrity: sha512-pXWcraxM0uxAS+tN0AG/BF2TyqmHO014Z070UsJ+pFvYuRSq8KH8DmWpnbXe0pEPDHXZV3FcAbJkijJ5oNEnWw==}
    engines: {node: '>=14.17'}
    hasBin: true
    dev: false
