lockfileVersion: '6.0'

settings:
  autoInstallPeers: true
  excludeLinksFromLockfile: false

dependencies:
  '@elysiajs/cors':
    specifier: ^0.8.0
    version: 0.8.0(elysia@0.8.8)
  elysia:
    specifier: ^0.8.8
    version: 0.8.8
  zlib:
    specifier: ^1.0.5
    version: 1.0.5

devDependencies:
  '@types/bun':
    specifier: latest
    version: 1.0.0
  prettier:
    specifier: ^3.1.1
    version: 3.1.1

packages:

  /@elysiajs/cors@0.8.0(elysia@0.8.8):
    resolution: {integrity: sha512-NADcOsokALRv4nljA5DYJPJdIJ7iwq+ouV5lH5W+hLgZRMYsfbKShg82QSmxd7BJQFuGSv2dIIF2dfG9ieUyng==}
    peerDependencies:
      elysia: '>= 0.8.0'
    dependencies:
      elysia: 0.8.8
    dev: false

  /@types/bun@1.0.0:
    resolution: {integrity: sha512-TPI/aImv/fSo0SWlt29wq0tWRqQOWsC4FOXYeUK0Ni6tAS+FqJZ2p7QCGY4hmHaHQeE2KhKJ6Qn9k3kvFfXD3Q==}
    dependencies:
      bun-types: 1.0.18
    dev: true

  /bun-types@1.0.18:
    resolution: {integrity: sha512-1XZ7AxOF8oO8FZtw1xj006JAKxEjulK3dUhsktZVN95vXBlsf4NIjQxfistVdpt24v3H2I9BwHp+UU+gXSSpAw==}
    dev: true

  /cookie@0.6.0:
    resolution: {integrity: sha512-U71cyTamuh1CRNCfpGY6to28lxvNwPG4Guz/EVjgf3Jmzv0vlDp1atT9eS5dDjMYHucpHbWns6Lwf3BKz6svdw==}
    engines: {node: '>= 0.6'}
    dev: false

  /elysia@0.8.8:
    resolution: {integrity: sha512-uHbq45CZ/NJfGc7IFT+dyuQnmcmOE9XLpZAGuppKgPItotN7GWdJCKEvs0zyLuMc/8EVykQzqaDhi0ZSZpmQLA==}
    peerDependencies:
      '@sinclair/typebox': '>= 0.31.0'
      openapi-types: '>= 12.0.0'
      typescript: '>= 5.0.0'
    peerDependenciesMeta:
      '@sinclair/typebox':
        optional: true
      openapi-types:
        optional: true
      typescript:
        optional: true
    dependencies:
      cookie: 0.6.0
      eventemitter3: 5.0.1
      fast-decode-uri-component: 1.0.1
      fast-querystring: 1.1.2
      memoirist: 0.1.4
    dev: false

  /eventemitter3@5.0.1:
    resolution: {integrity: sha512-GWkBvjiSZK87ELrYOSESUYeVIc9mvLLf/nXalMOS5dYrgZq9o5OVkbZAVM06CVxYsCwH9BDZFPlQTlPA1j4ahA==}
    dev: false

  /fast-decode-uri-component@1.0.1:
    resolution: {integrity: sha512-WKgKWg5eUxvRZGwW8FvfbaH7AXSh2cL+3j5fMGzUMCxWBJ3dV3a7Wz8y2f/uQ0e3B6WmodD3oS54jTQ9HVTIIg==}
    dev: false

  /fast-querystring@1.1.2:
    resolution: {integrity: sha512-g6KuKWmFXc0fID8WWH0jit4g0AGBoJhCkJMb1RmbsSEUNvQ+ZC8D6CUZ+GtF8nMzSPXnhiePyyqqipzNNEnHjg==}
    dependencies:
      fast-decode-uri-component: 1.0.1
    dev: false

  /memoirist@0.1.4:
    resolution: {integrity: sha512-D6GbPSqO2nUVOmm7VZjJc5tC60pkOVUPzLwkKl1vCiYP+2b1cG8N9q1O3P0JmNM68u8vsgefPbxRUCSGxSXD+g==}
    dev: false

  /prettier@3.1.1:
    resolution: {integrity: sha512-22UbSzg8luF4UuZtzgiUOfcGM8s4tjBv6dJRT7j275NXsy2jb4aJa4NNveul5x4eqlF1wuhuR2RElK71RvmVaw==}
    engines: {node: '>=14'}
    hasBin: true
    dev: true

  /zlib@1.0.5:
    resolution: {integrity: sha512-40fpE2II+Cd3k8HWTWONfeKE2jL+P42iWJ1zzps5W51qcTsOUKM5Q5m2PFb0CLxlmFAaUuUdJGc3OfZy947v0w==}
    engines: {node: '>=0.2.0'}
    dev: false
